{
  "version": 4,
  "terraform_version": "0.12.0",
  "serial": 5,
  "lineage": "fa045309-ad07-bf05-9f5c-3c966da40424",
  "outputs": {
    "kubectl_lb_hostname_query": {
      "value": "kubectl get ingress pega-web -n pega --kubeconfig=./kubeconfig_pega-demo -o json | jq -r '.status.loadBalancer.ingress | .[] | .hostname'",
      "type": "string"
    }
  },
  "resources": [
    {
      "mode": "data",
      "type": "helm_repository",
      "name": "incubator",
      "provider": "provider.helm",
      "instances": [
        {
          "schema_version": 0,
          "attributes": {
            "ca_file": null,
            "cert_file": null,
            "id": "incubator",
            "key_file": null,
            "metadata": [
              {
                "name": "incubator",
                "url": "https://kubernetes-charts-incubator.storage.googleapis.com"
              }
            ],
            "name": "incubator",
            "password": null,
            "url": "https://kubernetes-charts-incubator.storage.googleapis.com",
            "username": null
          }
        }
      ]
    },
    {
      "mode": "data",
      "type": "helm_repository",
      "name": "pega",
      "provider": "provider.helm",
      "instances": [
        {
          "schema_version": 0,
          "attributes": {
            "ca_file": null,
            "cert_file": null,
            "id": "pega",
            "key_file": null,
            "metadata": [
              {
                "name": "pega",
                "url": "https://dl.bintray.com/pegasystems/pega-helm-charts/"
              }
            ],
            "name": "pega",
            "password": null,
            "url": "https://dl.bintray.com/pegasystems/pega-helm-charts/",
            "username": null
          }
        }
      ]
    },
    {
      "mode": "data",
      "type": "helm_repository",
      "name": "stable",
      "provider": "provider.helm",
      "instances": [
        {
          "schema_version": 0,
          "attributes": {
            "ca_file": null,
            "cert_file": null,
            "id": "stable",
            "key_file": null,
            "metadata": [
              {
                "name": "stable",
                "url": "https://kubernetes-charts.storage.googleapis.com/"
              }
            ],
            "name": "stable",
            "password": null,
            "url": "https://kubernetes-charts.storage.googleapis.com/",
            "username": null
          }
        }
      ]
    },
    {
      "mode": "managed",
      "type": "helm_release",
      "name": "aws-alb-ingress-controller",
      "each": "list",
      "provider": "provider.helm",
      "instances": [
        {
          "index_key": 0,
          "schema_version": 0,
          "attributes": {
            "chart": "incubator/aws-alb-ingress-controller",
            "devel": null,
            "disable_webhooks": false,
            "force_update": false,
            "id": "aws-alb-ingress-controller",
            "keyring": null,
            "metadata": [
              {
                "chart": "aws-alb-ingress-controller",
                "name": "aws-alb-ingress-controller",
                "namespace": "kube-system",
                "revision": 1,
                "values": "autoDiscoverAwsRegion: true\nautoDiscoverAwsVpcID: true\nclusterName: pega-demo\nextraEnv:\n  AWS_ACCESS_KEY_ID: AKIAJVMNE7DX3FH56HTA\n  AWS_SECRET_ACCESS_KEY: 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\n",
                "version": "0.1.11"
              }
            ],
            "name": "aws-alb-ingress-controller",
            "namespace": "kube-system",
            "recreate_pods": false,
            "repository": null,
            "reuse": false,
            "reuse_values": false,
            "set": [
              {
                "name": "autoDiscoverAwsRegion",
                "value": "true"
              },
              {
                "name": "autoDiscoverAwsVpcID",
                "value": "true"
              },
              {
                "name": "clusterName",
                "value": "pega-demo"
              },
              {
                "name": "extraEnv.AWS_ACCESS_KEY_ID",
                "value": "AKIAJVMNE7DX3FH56HTA"
              },
              {
                "name": "extraEnv.AWS_SECRET_ACCESS_KEY",
                "value": "mxAbXBu2b8y+iibcXA6BBX8E+4gAUwketMKRp8bZ"
              }
            ],
            "set_sensitive": [],
            "set_string": [],
            "status": "DEPLOYED",
            "timeout": 300,
            "values": null,
            "verify": false,
            "version": "0.1.11",
            "wait": true
          },
          "depends_on": [
            "null_resource.wait"
          ]
        }
      ]
    },
    {
      "mode": "managed",
      "type": "helm_release",
      "name": "cluster-autoscaler",
      "each": "list",
      "provider": "provider.helm",
      "instances": []
    },
    {
      "mode": "managed",
      "type": "helm_release",
      "name": "dashboard",
      "each": "list",
      "provider": "provider.helm",
      "instances": []
    },
    {
      "mode": "managed",
      "type": "helm_release",
      "name": "metrics-server",
      "each": "list",
      "provider": "provider.helm",
      "instances": []
    },
    {
      "mode": "managed",
      "type": "local_file",
      "name": "kubectl_lb_hostname_query",
      "provider": "provider.local",
      "instances": []
    },
    {
      "mode": "managed",
      "type": "null_resource",
      "name": "alb_delete_ingress",
      "each": "list",
      "provider": "provider.null",
      "instances": []
    },
    {
      "mode": "managed",
      "type": "null_resource",
      "name": "wait",
      "provider": "provider.null",
      "instances": [
        {
          "schema_version": 0,
          "attributes": {
            "id": "5167896423148505116",
            "triggers": null
          }
        }
      ]
    }
  ]
}
