{
  "version": 4,
  "terraform_version": "0.12.0",
  "serial": 44,
  "lineage": "be6ec3a9-7e9e-f16f-beeb-0e8afcdab215",
  "outputs": {
    "azs": {
      "value": [
        "us-west-2a",
        "us-west-2b"
      ],
      "type": [
        "list",
        "string"
      ]
    },
    "cluster_certificate_authority_data": {
      "value": "LS0tLS1CRUdJTiBDRVJUSUZJQ0FURS0tLS0tCk1JSUN5RENDQWJDZ0F3SUJBZ0lCQURBTkJna3Foa2lHOXcwQkFRc0ZBREFWTVJNd0VRWURWUVFERXdwcmRXSmwKY201bGRHVnpNQjRYRFRFNU1URXlNREF6TXprMU9Wb1hEVEk1TVRFeE56QXpNemsxT1Zvd0ZURVRNQkVHQTFVRQpBeE1LYTNWaVpYSnVaWFJsY3pDQ0FTSXdEUVlKS29aSWh2Y05BUUVCQlFBRGdnRVBBRENDQVFvQ2dnRUJBTHMrClAwTTBKQW1BN3RtaHdVTnBoRkxPU3BNVnU2Nk9GMy9obElYM09QN09lTUpuNHZyclJENHpPd2V6Uk8wM0hIRkUKZmZ5anJIci9IODh0WHdESEh2aGhwSFVqRjhBRCtiaUI4VDYvZXJ5OGFZVzBNU3V5VHFzVkhzbmZ0dVVUOE5iegpKY3p5aTNjUzYzNnZlZWVzREV0YS81MktudDhSODhmVnZUR1RSMnRSU2gvU1J1b1pzOWU2cXh1NDVEZFBjbWh5CnVpUU1LSFN0cFNmYkdUWGtXVEZibGsySmg4T0JlbDJhZnpCTVZqNTg5UTdQby9YN0pIYldYbnhkVEJQNTNPN0gKN21IOEdPMWpEakNQV0Z1R2lISDRqTEx0TUsrcjVRaXZBVjFySzhSTXJEYTd1ZnBYUTNzcmFrdnhNTUZ2SUxUYgpDMEFWa2xCK0JJZDIrV1E2NUZNQ0F3RUFBYU1qTUNFd0RnWURWUjBQQVFIL0JBUURBZ0trTUE4R0ExVWRFd0VCCi93UUZNQU1CQWY4d0RRWUpLb1pJaHZjTkFRRUxCUUFEZ2dFQkFFTU9lVWF1UWZoTDBVQTVoSmRmeUNDS0FxVkwKeVFyUzIrNzE4V2E0UFhPNU1mT0k5RisrTUZtSWdvbnM4M2dGYnAvbU5nMjhQOWpOblF0T0xkd2dzdE5KQWNxcwpadSs2eXowMGhsdlEvczlzcGVFT051dXp1d09YS1lZWjl6UUZPYU81azNSYjhwejJOQkh6RUNDOEVOVUFuUCsrCi9mWTBuY0Z3RlN4Q2gyN2JkcFFUWkhlV0VVbVBkTzZhRnYrY3lSZEt4Sk5ST3JDdVlHSTZ6QmFqYlVzVnV3R0IKajlpY2lwYWdCQnptaFg2R1Z2ODFXY1gwV0RydzNPMlF0MC9YY0ZJVlQ0TE91U3c4eVI0anpHSkFkSnFaZVZOYQpNc2N1VGd1KzVJcU5IS0NzQmtGZVJIV1FneHZzQWtZTDVoNHZnZm40TGs4WisvWUw3RnNxWUNkNmVsMD0KLS0tLS1FTkQgQ0VSVElGSUNBVEUtLS0tLQo=",
      "type": "string"
    },
    "cluster_endpoint": {
      "value": "https://A9CE5AD1EA7E63B3A8B666022A7E61A1.sk1.us-west-2.eks.amazonaws.com",
      "type": "string"
    },
    "cluster_iam_role_arn": {
      "value": "arn:aws:iam::925724605444:role/pega-demo20191120033310884900000001",
      "type": "string"
    },
    "cluster_iam_role_name": {
      "value": "pega-demo20191120033310884900000001",
      "type": "string"
    },
    "cluster_id": {
      "value": "pega-demo",
      "type": "string"
    },
    "cluster_security_group_id": {
      "value": "sg-041d41cfc1c0e2171",
      "type": "string"
    },
    "cluster_version": {
      "value": "1.12",
      "type": "string"
    },
    "config_map_aws_auth": {
      "value": "apiVersion: v1\nkind: ConfigMap\nmetadata:\n  name: aws-auth\n  namespace: kube-system\ndata:\n  mapRoles: |\n    - rolearn: arn:aws:iam::925724605444:role/pega-demo20191120034257712600000009\n      username: system:node:{{EC2PrivateDNSName}}\n      groups:\n        - system:bootstrappers\n        - system:nodes\n\n\n  mapUsers: |\n\n  mapAccounts: |\n\n",
      "type": "string"
    },
    "db_instance_address": {
      "value": "pega-demo.cvg3oerprfmb.us-west-2.rds.amazonaws.com",
      "type": "string"
    },
    "db_instance_arn": {
      "value": "arn:aws:rds:us-west-2:925724605444:db:pega-demo",
      "type": "string"
    },
    "db_instance_availability_zone": {
      "value": "us-west-2a",
      "type": "string"
    },
    "db_instance_endpoint": {
      "value": "pega-demo.cvg3oerprfmb.us-west-2.rds.amazonaws.com:5432",
      "type": "string"
    },
    "db_instance_hosted_zone_id": {
      "value": "Z1PVIF0B656C1W",
      "type": "string"
    },
    "db_instance_id": {
      "value": "pega-demo",
      "type": "string"
    },
    "db_instance_name": {
      "value": "dev",
      "type": "string"
    },
    "db_instance_port": {
      "value": 5432,
      "type": "number"
    },
    "db_instance_resource_id": {
      "value": "db-HG2DTFBBRUKHIUUZH4SSJQGFZY",
      "type": "string"
    },
    "db_instance_status": {
      "value": "available",
      "type": "string"
    },
    "db_instance_username": {
      "value": "postgres",
      "type": "string"
    },
    "db_option_group_arn": {
      "value": "",
      "type": "string"
    },
    "db_option_group_id": {
      "value": "",
      "type": "string"
    },
    "db_parameter_group_arn": {
      "value": "arn:aws:rds:us-west-2:925724605444:pg:pega-demo-20191120034257710100000006",
      "type": "string"
    },
    "db_parameter_group_id": {
      "value": "pega-demo-20191120034257710100000006",
      "type": "string"
    },
    "db_subnet_group_arn": {
      "value": "arn:aws:rds:us-west-2:925724605444:subgrp:pega-demo-20191120034257710800000007",
      "type": "string"
    },
    "db_subnet_group_id": {
      "value": "pega-demo-20191120034257710800000007",
      "type": "string"
    },
    "default_vpc_id": {
      "value": "",
      "type": "string"
    },
    "igw_id": {
      "value": "igw-0a4cc2e9a97ea00ee",
      "type": "string"
    },
    "jdbc_url": {
      "value": "jdbc:postgresql://pega-demo.cvg3oerprfmb.us-west-2.rds.amazonaws.com:5432/dev",
      "type": "string"
    },
    "kubeconfig": {
      "value": "apiVersion: v1\npreferences: {}\nkind: Config\n\nclusters:\n- cluster:\n    server: https://A9CE5AD1EA7E63B3A8B666022A7E61A1.sk1.us-west-2.eks.amazonaws.com\n    certificate-authority-data: LS0tLS1CRUdJTiBDRVJUSUZJQ0FURS0tLS0tCk1JSUN5RENDQWJDZ0F3SUJBZ0lCQURBTkJna3Foa2lHOXcwQkFRc0ZBREFWTVJNd0VRWURWUVFERXdwcmRXSmwKY201bGRHVnpNQjRYRFRFNU1URXlNREF6TXprMU9Wb1hEVEk1TVRFeE56QXpNemsxT1Zvd0ZURVRNQkVHQTFVRQpBeE1LYTNWaVpYSnVaWFJsY3pDQ0FTSXdEUVlKS29aSWh2Y05BUUVCQlFBRGdnRVBBRENDQVFvQ2dnRUJBTHMrClAwTTBKQW1BN3RtaHdVTnBoRkxPU3BNVnU2Nk9GMy9obElYM09QN09lTUpuNHZyclJENHpPd2V6Uk8wM0hIRkUKZmZ5anJIci9IODh0WHdESEh2aGhwSFVqRjhBRCtiaUI4VDYvZXJ5OGFZVzBNU3V5VHFzVkhzbmZ0dVVUOE5iegpKY3p5aTNjUzYzNnZlZWVzREV0YS81MktudDhSODhmVnZUR1RSMnRSU2gvU1J1b1pzOWU2cXh1NDVEZFBjbWh5CnVpUU1LSFN0cFNmYkdUWGtXVEZibGsySmg4T0JlbDJhZnpCTVZqNTg5UTdQby9YN0pIYldYbnhkVEJQNTNPN0gKN21IOEdPMWpEakNQV0Z1R2lISDRqTEx0TUsrcjVRaXZBVjFySzhSTXJEYTd1ZnBYUTNzcmFrdnhNTUZ2SUxUYgpDMEFWa2xCK0JJZDIrV1E2NUZNQ0F3RUFBYU1qTUNFd0RnWURWUjBQQVFIL0JBUURBZ0trTUE4R0ExVWRFd0VCCi93UUZNQU1CQWY4d0RRWUpLb1pJaHZjTkFRRUxCUUFEZ2dFQkFFTU9lVWF1UWZoTDBVQTVoSmRmeUNDS0FxVkwKeVFyUzIrNzE4V2E0UFhPNU1mT0k5RisrTUZtSWdvbnM4M2dGYnAvbU5nMjhQOWpOblF0T0xkd2dzdE5KQWNxcwpadSs2eXowMGhsdlEvczlzcGVFT051dXp1d09YS1lZWjl6UUZPYU81azNSYjhwejJOQkh6RUNDOEVOVUFuUCsrCi9mWTBuY0Z3RlN4Q2gyN2JkcFFUWkhlV0VVbVBkTzZhRnYrY3lSZEt4Sk5ST3JDdVlHSTZ6QmFqYlVzVnV3R0IKajlpY2lwYWdCQnptaFg2R1Z2ODFXY1gwV0RydzNPMlF0MC9YY0ZJVlQ0TE91U3c4eVI0anpHSkFkSnFaZVZOYQpNc2N1VGd1KzVJcU5IS0NzQmtGZVJIV1FneHZzQWtZTDVoNHZnZm40TGs4WisvWUw3RnNxWUNkNmVsMD0KLS0tLS1FTkQgQ0VSVElGSUNBVEUtLS0tLQo=\n  name: eks_pega-demo\n\ncontexts:\n- context:\n    cluster: eks_pega-demo\n    user: eks_pega-demo\n  name: eks_pega-demo\n\ncurrent-context: eks_pega-demo\n\nusers:\n- name: eks_pega-demo\n  user:\n    exec:\n      apiVersion: client.authentication.k8s.io/v1alpha1\n      command: aws-iam-authenticator\n      args:\n        - \"token\"\n        - \"-i\"\n        - \"pega-demo\"\n\n\n",
      "type": "string"
    },
    "kubeconfig_filename": {
      "value": "./kubeconfig_pega-demo",
      "type": "string"
    },
    "private_route_table_ids": {
      "value": [],
      "type": [
        "tuple",
        []
      ]
    },
    "private_subnets": {
      "value": [],
      "type": [
        "tuple",
        []
      ]
    },
    "private_subnets_cidr_blocks": {
      "value": [],
      "type": [
        "tuple",
        []
      ]
    },
    "public_route_table_ids": {
      "value": [
        "rtb-06b41dea85e10b1fd"
      ],
      "type": [
        "tuple",
        [
          "string"
        ]
      ]
    },
    "public_subnets": {
      "value": [
        "subnet-0872726bffc89a5da",
        "subnet-052d1c0152b4414c3"
      ],
      "type": [
        "tuple",
        [
          "string",
          "string"
        ]
      ]
    },
    "vpc_id": {
      "value": "vpc-08878805f6d8e9b0c",
      "type": "string"
    },
    "vpc_instance_tenancy": {
      "value": "default",
      "type": "string"
    },
    "vpc_main_route_table_id": {
      "value": "rtb-028c628fb0f5f4b7c",
      "type": "string"
    },
    "worker_iam_instance_profile_arns": {
      "value": [
        "arn:aws:iam::925724605444:instance-profile/pega-demo2019112003425943210000000b"
      ],
      "type": [
        "tuple",
        [
          "string"
        ]
      ]
    },
    "worker_iam_instance_profile_names": {
      "value": [
        "pega-demo2019112003425943210000000b"
      ],
      "type": [
        "tuple",
        [
          "string"
        ]
      ]
    },
    "worker_iam_role_arn": {
      "value": "arn:aws:iam::925724605444:role/pega-demo20191120034257712600000009",
      "type": "string"
    },
    "worker_iam_role_name": {
      "value": "pega-demo20191120034257712600000009",
      "type": "string"
    },
    "worker_security_group_id": {
      "value": "sg-0e65880a63ee3c3ff",
      "type": "string"
    },
    "workers_asg_arns": {
      "value": [
        "arn:aws:autoscaling:us-west-2:925724605444:autoScalingGroup:b22019c8-7883-4ab3-97b5-b0a7bbd556fc:autoScalingGroupName/pega-demo-020191120034315473900000011"
      ],
      "type": [
        "tuple",
        [
          "string"
        ]
      ]
    },
    "workers_asg_names": {
      "value": [
        "pega-demo-020191120034315473900000011"
      ],
      "type": [
        "tuple",
        [
          "string"
        ]
      ]
    }
  },
  "resources": [
    {
      "module": "module.cluster",
      "mode": "data",
      "type": "aws_ami",
      "name": "eks_worker",
      "provider": "provider.aws",
      "instances": [
        {
          "schema_version": 0,
          "attributes": {
            "architecture": "x86_64",
            "block_device_mappings": [
              {
                "device_name": "/dev/xvda",
                "ebs": {
                  "delete_on_termination": "true",
                  "encrypted": "false",
                  "iops": "0",
                  "snapshot_id": "snap-01959bad7c01088ca",
                  "volume_size": "20",
                  "volume_type": "gp2"
                },
                "no_device": "",
                "virtual_name": ""
              }
            ],
            "creation_date": "2019-11-19T07:33:24.000Z",
            "description": "EKS Kubernetes Worker AMI with AmazonLinux2 image, (k8s: 1.12.10, docker:18.09.9ce-2.amzn2)",
            "executable_users": null,
            "filter": [
              {
                "name": "name",
                "values": [
                  "amazon-eks-node-1.12-v*"
                ]
              }
            ],
            "hypervisor": "xen",
            "id": "ami-0ec0eebfe09f8a641",
            "image_id": "ami-0ec0eebfe09f8a641",
            "image_location": "amazon/amazon-eks-node-1.12-v20191119",
            "image_owner_alias": "amazon",
            "image_type": "machine",
            "kernel_id": null,
            "most_recent": true,
            "name": "amazon-eks-node-1.12-v20191119",
            "name_regex": null,
            "owner_id": "602401143452",
            "owners": [
              "602401143452"
            ],
            "platform": null,
            "product_codes": [],
            "public": true,
            "ramdisk_id": null,
            "root_device_name": "/dev/xvda",
            "root_device_type": "ebs",
            "root_snapshot_id": "snap-01959bad7c01088ca",
            "sriov_net_support": "simple",
            "state": "available",
            "state_reason": {
              "code": "UNSET",
              "message": "UNSET"
            },
            "tags": {},
            "virtualization_type": "hvm"
          }
        }
      ]
    },
    {
      "module": "module.cluster",
      "mode": "data",
      "type": "aws_caller_identity",
      "name": "current",
      "provider": "provider.aws",
      "instances": [
        {
          "schema_version": 0,
          "attributes": {
            "account_id": "925724605444",
            "arn": "arn:aws:iam::925724605444:root",
            "id": "2019-11-20 03:32:58.287897504 +0000 UTC",
            "user_id": "925724605444"
          }
        }
      ]
    },
    {
      "module": "module.cluster",
      "mode": "data",
      "type": "aws_iam_instance_profile",
      "name": "custom_worker_group_iam_instance_profile",
      "each": "list",
      "provider": "provider.aws",
      "instances": []
    },
    {
      "module": "module.cluster",
      "mode": "data",
      "type": "aws_iam_instance_profile",
      "name": "custom_worker_group_launch_template_iam_instance_profile",
      "each": "list",
      "provider": "provider.aws",
      "instances": []
    },
    {
      "module": "module.cluster",
      "mode": "data",
      "type": "aws_iam_instance_profile",
      "name": "custom_worker_group_launch_template_mixed_iam_instance_profile",
      "each": "list",
      "provider": "provider.aws",
      "instances": []
    },
    {
      "module": "module.cluster",
      "mode": "data",
      "type": "aws_iam_policy_document",
      "name": "cluster_assume_role_policy",
      "provider": "provider.aws",
      "instances": [
        {
          "schema_version": 0,
          "attributes": {
            "id": "2764486067",
            "json": "{\n  \"Version\": \"2012-10-17\",\n  \"Statement\": [\n    {\n      \"Sid\": \"EKSClusterAssumeRole\",\n      \"Effect\": \"Allow\",\n      \"Action\": \"sts:AssumeRole\",\n      \"Principal\": {\n        \"Service\": \"eks.amazonaws.com\"\n      }\n    }\n  ]\n}",
            "override_json": null,
            "policy_id": null,
            "source_json": null,
            "statement": [
              {
                "actions": [
                  "sts:AssumeRole"
                ],
                "condition": [],
                "effect": "Allow",
                "not_actions": [],
                "not_principals": [],
                "not_resources": [],
                "principals": [
                  {
                    "identifiers": [
                      "eks.amazonaws.com"
                    ],
                    "type": "Service"
                  }
                ],
                "resources": [],
                "sid": "EKSClusterAssumeRole"
              }
            ],
            "version": "2012-10-17"
          }
        }
      ]
    },
    {
      "module": "module.db.module.db_instance",
      "mode": "data",
      "type": "aws_iam_policy_document",
      "name": "enhanced_monitoring",
      "provider": "provider.aws",
      "instances": [
        {
          "schema_version": 0,
          "attributes": {
            "id": "1813475199",
            "json": "{\n  \"Version\": \"2012-10-17\",\n  \"Statement\": [\n    {\n      \"Sid\": \"\",\n      \"Effect\": \"Allow\",\n      \"Action\": \"sts:AssumeRole\",\n      \"Principal\": {\n        \"Service\": \"monitoring.rds.amazonaws.com\"\n      }\n    }\n  ]\n}",
            "override_json": null,
            "policy_id": null,
            "source_json": null,
            "statement": [
              {
                "actions": [
                  "sts:AssumeRole"
                ],
                "condition": [],
                "effect": "Allow",
                "not_actions": [],
                "not_principals": [],
                "not_resources": [],
                "principals": [
                  {
                    "identifiers": [
                      "monitoring.rds.amazonaws.com"
                    ],
                    "type": "Service"
                  }
                ],
                "resources": [],
                "sid": ""
              }
            ],
            "version": "2012-10-17"
          }
        }
      ]
    },
    {
      "module": "module.cluster",
      "mode": "data",
      "type": "aws_iam_policy_document",
      "name": "worker_autoscaling",
      "provider": "provider.aws",
      "instances": [
        {
          "schema_version": 0,
          "attributes": {
            "id": "657972691",
            "json": "{\n  \"Version\": \"2012-10-17\",\n  \"Statement\": [\n    {\n      \"Sid\": \"eksWorkerAutoscalingAll\",\n      \"Effect\": \"Allow\",\n      \"Action\": [\n        \"ec2:DescribeLaunchTemplateVersions\",\n        \"autoscaling:DescribeTags\",\n        \"autoscaling:DescribeLaunchConfigurations\",\n        \"autoscaling:DescribeAutoScalingInstances\",\n        \"autoscaling:DescribeAutoScalingGroups\"\n      ],\n      \"Resource\": \"*\"\n    },\n    {\n      \"Sid\": \"eksWorkerAutoscalingOwn\",\n      \"Effect\": \"Allow\",\n      \"Action\": [\n        \"autoscaling:UpdateAutoScalingGroup\",\n        \"autoscaling:TerminateInstanceInAutoScalingGroup\",\n        \"autoscaling:SetDesiredCapacity\"\n      ],\n      \"Resource\": \"*\",\n      \"Condition\": {\n        \"StringEquals\": {\n          \"autoscaling:ResourceTag/k8s.io/cluster-autoscaler/enabled\": \"true\",\n          \"autoscaling:ResourceTag/kubernetes.io/cluster/pega-demo\": \"owned\"\n        }\n      }\n    }\n  ]\n}",
            "override_json": null,
            "policy_id": null,
            "source_json": null,
            "statement": [
              {
                "actions": [
                  "autoscaling:DescribeAutoScalingGroups",
                  "autoscaling:DescribeAutoScalingInstances",
                  "autoscaling:DescribeLaunchConfigurations",
                  "autoscaling:DescribeTags",
                  "ec2:DescribeLaunchTemplateVersions"
                ],
                "condition": [],
                "effect": "Allow",
                "not_actions": [],
                "not_principals": [],
                "not_resources": [],
                "principals": [],
                "resources": [
                  "*"
                ],
                "sid": "eksWorkerAutoscalingAll"
              },
              {
                "actions": [
                  "autoscaling:SetDesiredCapacity",
                  "autoscaling:TerminateInstanceInAutoScalingGroup",
                  "autoscaling:UpdateAutoScalingGroup"
                ],
                "condition": [
                  {
                    "test": "StringEquals",
                    "values": [
                      "owned"
                    ],
                    "variable": "autoscaling:ResourceTag/kubernetes.io/cluster/pega-demo"
                  },
                  {
                    "test": "StringEquals",
                    "values": [
                      "true"
                    ],
                    "variable": "autoscaling:ResourceTag/k8s.io/cluster-autoscaler/enabled"
                  }
                ],
                "effect": "Allow",
                "not_actions": [],
                "not_principals": [],
                "not_resources": [],
                "principals": [],
                "resources": [
                  "*"
                ],
                "sid": "eksWorkerAutoscalingOwn"
              }
            ],
            "version": "2012-10-17"
          },
          "depends_on": [
            "aws_eks_cluster.this"
          ]
        }
      ]
    },
    {
      "module": "module.cluster",
      "mode": "data",
      "type": "aws_iam_policy_document",
      "name": "workers_assume_role_policy",
      "provider": "provider.aws",
      "instances": [
        {
          "schema_version": 0,
          "attributes": {
            "id": "3778018924",
            "json": "{\n  \"Version\": \"2012-10-17\",\n  \"Statement\": [\n    {\n      \"Sid\": \"EKSWorkerAssumeRole\",\n      \"Effect\": \"Allow\",\n      \"Action\": \"sts:AssumeRole\",\n      \"Principal\": {\n        \"Service\": \"ec2.amazonaws.com\"\n      }\n    }\n  ]\n}",
            "override_json": null,
            "policy_id": null,
            "source_json": null,
            "statement": [
              {
                "actions": [
                  "sts:AssumeRole"
                ],
                "condition": [],
                "effect": "Allow",
                "not_actions": [],
                "not_principals": [],
                "not_resources": [],
                "principals": [
                  {
                    "identifiers": [
                      "ec2.amazonaws.com"
                    ],
                    "type": "Service"
                  }
                ],
                "resources": [],
                "sid": "EKSWorkerAssumeRole"
              }
            ],
            "version": "2012-10-17"
          }
        }
      ]
    },
    {
      "module": "module.cluster",
      "mode": "data",
      "type": "aws_iam_role",
      "name": "custom_cluster_iam_role",
      "each": "list",
      "provider": "provider.aws",
      "instances": []
    },
    {
      "module": "module.cluster",
      "mode": "data",
      "type": "aws_region",
      "name": "current",
      "provider": "provider.aws",
      "instances": [
        {
          "schema_version": 0,
          "attributes": {
            "current": null,
            "description": "US West (Oregon)",
            "endpoint": "ec2.us-west-2.amazonaws.com",
            "id": "us-west-2",
            "name": "us-west-2"
          }
        }
      ]
    },
    {
      "module": "module.vpc",
      "mode": "data",
      "type": "aws_vpc_endpoint_service",
      "name": "apigw",
      "each": "list",
      "provider": "provider.aws",
      "instances": []
    },
    {
      "module": "module.vpc",
      "mode": "data",
      "type": "aws_vpc_endpoint_service",
      "name": "cloudtrail",
      "each": "list",
      "provider": "provider.aws",
      "instances": []
    },
    {
      "module": "module.vpc",
      "mode": "data",
      "type": "aws_vpc_endpoint_service",
      "name": "dynamodb",
      "each": "list",
      "provider": "provider.aws",
      "instances": []
    },
    {
      "module": "module.vpc",
      "mode": "data",
      "type": "aws_vpc_endpoint_service",
      "name": "ec2",
      "each": "list",
      "provider": "provider.aws",
      "instances": []
    },
    {
      "module": "module.vpc",
      "mode": "data",
      "type": "aws_vpc_endpoint_service",
      "name": "ec2messages",
      "each": "list",
      "provider": "provider.aws",
      "instances": []
    },
    {
      "module": "module.vpc",
      "mode": "data",
      "type": "aws_vpc_endpoint_service",
      "name": "ecr_api",
      "each": "list",
      "provider": "provider.aws",
      "instances": []
    },
    {
      "module": "module.vpc",
      "mode": "data",
      "type": "aws_vpc_endpoint_service",
      "name": "ecr_dkr",
      "each": "list",
      "provider": "provider.aws",
      "instances": []
    },
    {
      "module": "module.vpc",
      "mode": "data",
      "type": "aws_vpc_endpoint_service",
      "name": "ecs",
      "each": "list",
      "provider": "provider.aws",
      "instances": []
    },
    {
      "module": "module.vpc",
      "mode": "data",
      "type": "aws_vpc_endpoint_service",
      "name": "ecs_agent",
      "each": "list",
      "provider": "provider.aws",
      "instances": []
    },
    {
      "module": "module.vpc",
      "mode": "data",
      "type": "aws_vpc_endpoint_service",
      "name": "ecs_telemetry",
      "each": "list",
      "provider": "provider.aws",
      "instances": []
    },
    {
      "module": "module.vpc",
      "mode": "data",
      "type": "aws_vpc_endpoint_service",
      "name": "elasticloadbalancing",
      "each": "list",
      "provider": "provider.aws",
      "instances": []
    },
    {
      "module": "module.vpc",
      "mode": "data",
      "type": "aws_vpc_endpoint_service",
      "name": "events",
      "each": "list",
      "provider": "provider.aws",
      "instances": []
    },
    {
      "module": "module.vpc",
      "mode": "data",
      "type": "aws_vpc_endpoint_service",
      "name": "kms",
      "each": "list",
      "provider": "provider.aws",
      "instances": []
    },
    {
      "module": "module.vpc",
      "mode": "data",
      "type": "aws_vpc_endpoint_service",
      "name": "logs",
      "each": "list",
      "provider": "provider.aws",
      "instances": []
    },
    {
      "module": "module.vpc",
      "mode": "data",
      "type": "aws_vpc_endpoint_service",
      "name": "monitoring",
      "each": "list",
      "provider": "provider.aws",
      "instances": []
    },
    {
      "module": "module.vpc",
      "mode": "data",
      "type": "aws_vpc_endpoint_service",
      "name": "s3",
      "each": "list",
      "provider": "provider.aws",
      "instances": []
    },
    {
      "module": "module.vpc",
      "mode": "data",
      "type": "aws_vpc_endpoint_service",
      "name": "sns",
      "each": "list",
      "provider": "provider.aws",
      "instances": []
    },
    {
      "module": "module.vpc",
      "mode": "data",
      "type": "aws_vpc_endpoint_service",
      "name": "sqs",
      "each": "list",
      "provider": "provider.aws",
      "instances": []
    },
    {
      "module": "module.vpc",
      "mode": "data",
      "type": "aws_vpc_endpoint_service",
      "name": "ssm",
      "each": "list",
      "provider": "provider.aws",
      "instances": []
    },
    {
      "module": "module.vpc",
      "mode": "data",
      "type": "aws_vpc_endpoint_service",
      "name": "ssmmessages",
      "each": "list",
      "provider": "provider.aws",
      "instances": []
    },
    {
      "module": "module.cluster",
      "mode": "data",
      "type": "template_file",
      "name": "aws_authenticator_env_variables",
      "each": "list",
      "provider": "provider.template",
      "instances": []
    },
    {
      "module": "module.cluster",
      "mode": "data",
      "type": "template_file",
      "name": "config_map_aws_auth",
      "provider": "provider.template",
      "instances": [
        {
          "schema_version": 0,
          "attributes": {
            "filename": null,
            "id": "a1a4aca9aee94000ee688bb8347c66e9dc8cdeed93aef814ed2c8c8ee61b0bd8",
            "rendered": "apiVersion: v1\nkind: ConfigMap\nmetadata:\n  name: aws-auth\n  namespace: kube-system\ndata:\n  mapRoles: |\n    - rolearn: arn:aws:iam::925724605444:role/pega-demo20191120034257712600000009\n      username: system:node:{{EC2PrivateDNSName}}\n      groups:\n        - system:bootstrappers\n        - system:nodes\n\n\n  mapUsers: |\n\n  mapAccounts: |\n\n",
            "template": "apiVersion: v1\nkind: ConfigMap\nmetadata:\n  name: aws-auth\n  namespace: kube-system\ndata:\n  mapRoles: |\n${worker_role_arn}\n${map_roles}\n  mapUsers: |\n${map_users}\n  mapAccounts: |\n${map_accounts}\n",
            "vars": {
              "map_accounts": "",
              "map_roles": "",
              "map_users": "",
              "worker_role_arn": "    - rolearn: arn:aws:iam::925724605444:role/pega-demo20191120034257712600000009\n      username: system:node:{{EC2PrivateDNSName}}\n      groups:\n        - system:bootstrappers\n        - system:nodes\n"
            }
          },
          "depends_on": [
            "data.template_file.launch_template_mixed_worker_role_arns",
            "data.template_file.launch_template_worker_role_arns",
            "data.template_file.map_accounts",
            "data.template_file.map_roles",
            "data.template_file.map_users",
            "data.template_file.worker_role_arns"
          ]
        }
      ]
    },
    {
      "module": "module.cluster",
      "mode": "data",
      "type": "template_file",
      "name": "kubeconfig",
      "provider": "provider.template",
      "instances": [
        {
          "schema_version": 0,
          "attributes": {
            "filename": null,
            "id": "c2be67a0543d76168b9402dcfb14e9732a3f62fd5ad2d59476339f1bc2497760",
            "rendered": "apiVersion: v1\npreferences: {}\nkind: Config\n\nclusters:\n- cluster:\n    server: https://A9CE5AD1EA7E63B3A8B666022A7E61A1.sk1.us-west-2.eks.amazonaws.com\n    certificate-authority-data: LS0tLS1CRUdJTiBDRVJUSUZJQ0FURS0tLS0tCk1JSUN5RENDQWJDZ0F3SUJBZ0lCQURBTkJna3Foa2lHOXcwQkFRc0ZBREFWTVJNd0VRWURWUVFERXdwcmRXSmwKY201bGRHVnpNQjRYRFRFNU1URXlNREF6TXprMU9Wb1hEVEk1TVRFeE56QXpNemsxT1Zvd0ZURVRNQkVHQTFVRQpBeE1LYTNWaVpYSnVaWFJsY3pDQ0FTSXdEUVlKS29aSWh2Y05BUUVCQlFBRGdnRVBBRENDQVFvQ2dnRUJBTHMrClAwTTBKQW1BN3RtaHdVTnBoRkxPU3BNVnU2Nk9GMy9obElYM09QN09lTUpuNHZyclJENHpPd2V6Uk8wM0hIRkUKZmZ5anJIci9IODh0WHdESEh2aGhwSFVqRjhBRCtiaUI4VDYvZXJ5OGFZVzBNU3V5VHFzVkhzbmZ0dVVUOE5iegpKY3p5aTNjUzYzNnZlZWVzREV0YS81MktudDhSODhmVnZUR1RSMnRSU2gvU1J1b1pzOWU2cXh1NDVEZFBjbWh5CnVpUU1LSFN0cFNmYkdUWGtXVEZibGsySmg4T0JlbDJhZnpCTVZqNTg5UTdQby9YN0pIYldYbnhkVEJQNTNPN0gKN21IOEdPMWpEakNQV0Z1R2lISDRqTEx0TUsrcjVRaXZBVjFySzhSTXJEYTd1ZnBYUTNzcmFrdnhNTUZ2SUxUYgpDMEFWa2xCK0JJZDIrV1E2NUZNQ0F3RUFBYU1qTUNFd0RnWURWUjBQQVFIL0JBUURBZ0trTUE4R0ExVWRFd0VCCi93UUZNQU1CQWY4d0RRWUpLb1pJaHZjTkFRRUxCUUFEZ2dFQkFFTU9lVWF1UWZoTDBVQTVoSmRmeUNDS0FxVkwKeVFyUzIrNzE4V2E0UFhPNU1mT0k5RisrTUZtSWdvbnM4M2dGYnAvbU5nMjhQOWpOblF0T0xkd2dzdE5KQWNxcwpadSs2eXowMGhsdlEvczlzcGVFT051dXp1d09YS1lZWjl6UUZPYU81azNSYjhwejJOQkh6RUNDOEVOVUFuUCsrCi9mWTBuY0Z3RlN4Q2gyN2JkcFFUWkhlV0VVbVBkTzZhRnYrY3lSZEt4Sk5ST3JDdVlHSTZ6QmFqYlVzVnV3R0IKajlpY2lwYWdCQnptaFg2R1Z2ODFXY1gwV0RydzNPMlF0MC9YY0ZJVlQ0TE91U3c4eVI0anpHSkFkSnFaZVZOYQpNc2N1VGd1KzVJcU5IS0NzQmtGZVJIV1FneHZzQWtZTDVoNHZnZm40TGs4WisvWUw3RnNxWUNkNmVsMD0KLS0tLS1FTkQgQ0VSVElGSUNBVEUtLS0tLQo=\n  name: eks_pega-demo\n\ncontexts:\n- context:\n    cluster: eks_pega-demo\n    user: eks_pega-demo\n  name: eks_pega-demo\n\ncurrent-context: eks_pega-demo\n\nusers:\n- name: eks_pega-demo\n  user:\n    exec:\n      apiVersion: client.authentication.k8s.io/v1alpha1\n      command: aws-iam-authenticator\n      args:\n        - \"token\"\n        - \"-i\"\n        - \"pega-demo\"\n\n\n",
            "template": "apiVersion: v1\npreferences: {}\nkind: Config\n\nclusters:\n- cluster:\n    server: ${endpoint}\n    certificate-authority-data: ${cluster_auth_base64}\n  name: ${kubeconfig_name}\n\ncontexts:\n- context:\n    cluster: ${kubeconfig_name}\n    user: ${kubeconfig_name}\n  name: ${kubeconfig_name}\n\ncurrent-context: ${kubeconfig_name}\n\nusers:\n- name: ${kubeconfig_name}\n  user:\n    exec:\n      apiVersion: client.authentication.k8s.io/v1alpha1\n      command: ${aws_authenticator_command}\n      args:\n${aws_authenticator_command_args}\n${aws_authenticator_additional_args}\n${aws_authenticator_env_variables}\n",
            "vars": {
              "aws_authenticator_additional_args": "",
              "aws_authenticator_command": "aws-iam-authenticator",
              "aws_authenticator_command_args": "        - \"token\"\n        - \"-i\"\n        - \"pega-demo\"",
              "aws_authenticator_env_variables": "",
              "cluster_auth_base64": "LS0tLS1CRUdJTiBDRVJUSUZJQ0FURS0tLS0tCk1JSUN5RENDQWJDZ0F3SUJBZ0lCQURBTkJna3Foa2lHOXcwQkFRc0ZBREFWTVJNd0VRWURWUVFERXdwcmRXSmwKY201bGRHVnpNQjRYRFRFNU1URXlNREF6TXprMU9Wb1hEVEk1TVRFeE56QXpNemsxT1Zvd0ZURVRNQkVHQTFVRQpBeE1LYTNWaVpYSnVaWFJsY3pDQ0FTSXdEUVlKS29aSWh2Y05BUUVCQlFBRGdnRVBBRENDQVFvQ2dnRUJBTHMrClAwTTBKQW1BN3RtaHdVTnBoRkxPU3BNVnU2Nk9GMy9obElYM09QN09lTUpuNHZyclJENHpPd2V6Uk8wM0hIRkUKZmZ5anJIci9IODh0WHdESEh2aGhwSFVqRjhBRCtiaUI4VDYvZXJ5OGFZVzBNU3V5VHFzVkhzbmZ0dVVUOE5iegpKY3p5aTNjUzYzNnZlZWVzREV0YS81MktudDhSODhmVnZUR1RSMnRSU2gvU1J1b1pzOWU2cXh1NDVEZFBjbWh5CnVpUU1LSFN0cFNmYkdUWGtXVEZibGsySmg4T0JlbDJhZnpCTVZqNTg5UTdQby9YN0pIYldYbnhkVEJQNTNPN0gKN21IOEdPMWpEakNQV0Z1R2lISDRqTEx0TUsrcjVRaXZBVjFySzhSTXJEYTd1ZnBYUTNzcmFrdnhNTUZ2SUxUYgpDMEFWa2xCK0JJZDIrV1E2NUZNQ0F3RUFBYU1qTUNFd0RnWURWUjBQQVFIL0JBUURBZ0trTUE4R0ExVWRFd0VCCi93UUZNQU1CQWY4d0RRWUpLb1pJaHZjTkFRRUxCUUFEZ2dFQkFFTU9lVWF1UWZoTDBVQTVoSmRmeUNDS0FxVkwKeVFyUzIrNzE4V2E0UFhPNU1mT0k5RisrTUZtSWdvbnM4M2dGYnAvbU5nMjhQOWpOblF0T0xkd2dzdE5KQWNxcwpadSs2eXowMGhsdlEvczlzcGVFT051dXp1d09YS1lZWjl6UUZPYU81azNSYjhwejJOQkh6RUNDOEVOVUFuUCsrCi9mWTBuY0Z3RlN4Q2gyN2JkcFFUWkhlV0VVbVBkTzZhRnYrY3lSZEt4Sk5ST3JDdVlHSTZ6QmFqYlVzVnV3R0IKajlpY2lwYWdCQnptaFg2R1Z2ODFXY1gwV0RydzNPMlF0MC9YY0ZJVlQ0TE91U3c4eVI0anpHSkFkSnFaZVZOYQpNc2N1VGd1KzVJcU5IS0NzQmtGZVJIV1FneHZzQWtZTDVoNHZnZm40TGs4WisvWUw3RnNxWUNkNmVsMD0KLS0tLS1FTkQgQ0VSVElGSUNBVEUtLS0tLQo=",
              "endpoint": "https://A9CE5AD1EA7E63B3A8B666022A7E61A1.sk1.us-west-2.eks.amazonaws.com",
              "kubeconfig_name": "eks_pega-demo",
              "region": "us-west-2"
            }
          },
          "depends_on": [
            "aws_eks_cluster.this",
            "data.aws_region.current",
            "data.template_file.aws_authenticator_env_variables"
          ]
        }
      ]
    },
    {
      "module": "module.cluster",
      "mode": "data",
      "type": "template_file",
      "name": "launch_template_mixed_worker_role_arns",
      "each": "list",
      "provider": "provider.template",
      "instances": []
    },
    {
      "module": "module.cluster",
      "mode": "data",
      "type": "template_file",
      "name": "launch_template_userdata",
      "each": "list",
      "provider": "provider.template",
      "instances": []
    },
    {
      "module": "module.cluster",
      "mode": "data",
      "type": "template_file",
      "name": "launch_template_worker_role_arns",
      "each": "list",
      "provider": "provider.template",
      "instances": []
    },
    {
      "module": "module.cluster",
      "mode": "data",
      "type": "template_file",
      "name": "map_accounts",
      "each": "list",
      "provider": "provider.template",
      "instances": []
    },
    {
      "module": "module.cluster",
      "mode": "data",
      "type": "template_file",
      "name": "map_roles",
      "each": "list",
      "provider": "provider.template",
      "instances": []
    },
    {
      "module": "module.cluster",
      "mode": "data",
      "type": "template_file",
      "name": "map_users",
      "each": "list",
      "provider": "provider.template",
      "instances": []
    },
    {
      "module": "module.cluster",
      "mode": "data",
      "type": "template_file",
      "name": "userdata",
      "each": "list",
      "provider": "provider.template",
      "instances": [
        {
          "index_key": 0,
          "schema_version": 0,
          "attributes": {
            "filename": null,
            "id": "75ff926f3497c26cb44af0b6041bbe8c678ec8f44151294e303743aad7af27fa",
            "rendered": "#!/bin/bash -xe\n\n# Allow user supplied pre userdata code\n\n\n# Bootstrap and join the cluster\n/etc/eks/bootstrap.sh --b64-cluster-ca 'LS0tLS1CRUdJTiBDRVJUSUZJQ0FURS0tLS0tCk1JSUN5RENDQWJDZ0F3SUJBZ0lCQURBTkJna3Foa2lHOXcwQkFRc0ZBREFWTVJNd0VRWURWUVFERXdwcmRXSmwKY201bGRHVnpNQjRYRFRFNU1URXlNREF6TXprMU9Wb1hEVEk1TVRFeE56QXpNemsxT1Zvd0ZURVRNQkVHQTFVRQpBeE1LYTNWaVpYSnVaWFJsY3pDQ0FTSXdEUVlKS29aSWh2Y05BUUVCQlFBRGdnRVBBRENDQVFvQ2dnRUJBTHMrClAwTTBKQW1BN3RtaHdVTnBoRkxPU3BNVnU2Nk9GMy9obElYM09QN09lTUpuNHZyclJENHpPd2V6Uk8wM0hIRkUKZmZ5anJIci9IODh0WHdESEh2aGhwSFVqRjhBRCtiaUI4VDYvZXJ5OGFZVzBNU3V5VHFzVkhzbmZ0dVVUOE5iegpKY3p5aTNjUzYzNnZlZWVzREV0YS81MktudDhSODhmVnZUR1RSMnRSU2gvU1J1b1pzOWU2cXh1NDVEZFBjbWh5CnVpUU1LSFN0cFNmYkdUWGtXVEZibGsySmg4T0JlbDJhZnpCTVZqNTg5UTdQby9YN0pIYldYbnhkVEJQNTNPN0gKN21IOEdPMWpEakNQV0Z1R2lISDRqTEx0TUsrcjVRaXZBVjFySzhSTXJEYTd1ZnBYUTNzcmFrdnhNTUZ2SUxUYgpDMEFWa2xCK0JJZDIrV1E2NUZNQ0F3RUFBYU1qTUNFd0RnWURWUjBQQVFIL0JBUURBZ0trTUE4R0ExVWRFd0VCCi93UUZNQU1CQWY4d0RRWUpLb1pJaHZjTkFRRUxCUUFEZ2dFQkFFTU9lVWF1UWZoTDBVQTVoSmRmeUNDS0FxVkwKeVFyUzIrNzE4V2E0UFhPNU1mT0k5RisrTUZtSWdvbnM4M2dGYnAvbU5nMjhQOWpOblF0T0xkd2dzdE5KQWNxcwpadSs2eXowMGhsdlEvczlzcGVFT051dXp1d09YS1lZWjl6UUZPYU81azNSYjhwejJOQkh6RUNDOEVOVUFuUCsrCi9mWTBuY0Z3RlN4Q2gyN2JkcFFUWkhlV0VVbVBkTzZhRnYrY3lSZEt4Sk5ST3JDdVlHSTZ6QmFqYlVzVnV3R0IKajlpY2lwYWdCQnptaFg2R1Z2ODFXY1gwV0RydzNPMlF0MC9YY0ZJVlQ0TE91U3c4eVI0anpHSkFkSnFaZVZOYQpNc2N1VGd1KzVJcU5IS0NzQmtGZVJIV1FneHZzQWtZTDVoNHZnZm40TGs4WisvWUw3RnNxWUNkNmVsMD0KLS0tLS1FTkQgQ0VSVElGSUNBVEUtLS0tLQo=' --apiserver-endpoint 'https://A9CE5AD1EA7E63B3A8B666022A7E61A1.sk1.us-west-2.eks.amazonaws.com'  --kubelet-extra-args '' 'pega-demo'\n\n# Allow user supplied userdata code\n\n",
            "template": "#!/bin/bash -xe\n\n# Allow user supplied pre userdata code\n${pre_userdata}\n\n# Bootstrap and join the cluster\n/etc/eks/bootstrap.sh --b64-cluster-ca '${cluster_auth_base64}' --apiserver-endpoint '${endpoint}' ${bootstrap_extra_args} --kubelet-extra-args '${kubelet_extra_args}' '${cluster_name}'\n\n# Allow user supplied userdata code\n${additional_userdata}\n",
            "vars": {
              "additional_userdata": "",
              "bootstrap_extra_args": "",
              "cluster_auth_base64": "LS0tLS1CRUdJTiBDRVJUSUZJQ0FURS0tLS0tCk1JSUN5RENDQWJDZ0F3SUJBZ0lCQURBTkJna3Foa2lHOXcwQkFRc0ZBREFWTVJNd0VRWURWUVFERXdwcmRXSmwKY201bGRHVnpNQjRYRFRFNU1URXlNREF6TXprMU9Wb1hEVEk1TVRFeE56QXpNemsxT1Zvd0ZURVRNQkVHQTFVRQpBeE1LYTNWaVpYSnVaWFJsY3pDQ0FTSXdEUVlKS29aSWh2Y05BUUVCQlFBRGdnRVBBRENDQVFvQ2dnRUJBTHMrClAwTTBKQW1BN3RtaHdVTnBoRkxPU3BNVnU2Nk9GMy9obElYM09QN09lTUpuNHZyclJENHpPd2V6Uk8wM0hIRkUKZmZ5anJIci9IODh0WHdESEh2aGhwSFVqRjhBRCtiaUI4VDYvZXJ5OGFZVzBNU3V5VHFzVkhzbmZ0dVVUOE5iegpKY3p5aTNjUzYzNnZlZWVzREV0YS81MktudDhSODhmVnZUR1RSMnRSU2gvU1J1b1pzOWU2cXh1NDVEZFBjbWh5CnVpUU1LSFN0cFNmYkdUWGtXVEZibGsySmg4T0JlbDJhZnpCTVZqNTg5UTdQby9YN0pIYldYbnhkVEJQNTNPN0gKN21IOEdPMWpEakNQV0Z1R2lISDRqTEx0TUsrcjVRaXZBVjFySzhSTXJEYTd1ZnBYUTNzcmFrdnhNTUZ2SUxUYgpDMEFWa2xCK0JJZDIrV1E2NUZNQ0F3RUFBYU1qTUNFd0RnWURWUjBQQVFIL0JBUURBZ0trTUE4R0ExVWRFd0VCCi93UUZNQU1CQWY4d0RRWUpLb1pJaHZjTkFRRUxCUUFEZ2dFQkFFTU9lVWF1UWZoTDBVQTVoSmRmeUNDS0FxVkwKeVFyUzIrNzE4V2E0UFhPNU1mT0k5RisrTUZtSWdvbnM4M2dGYnAvbU5nMjhQOWpOblF0T0xkd2dzdE5KQWNxcwpadSs2eXowMGhsdlEvczlzcGVFT051dXp1d09YS1lZWjl6UUZPYU81azNSYjhwejJOQkh6RUNDOEVOVUFuUCsrCi9mWTBuY0Z3RlN4Q2gyN2JkcFFUWkhlV0VVbVBkTzZhRnYrY3lSZEt4Sk5ST3JDdVlHSTZ6QmFqYlVzVnV3R0IKajlpY2lwYWdCQnptaFg2R1Z2ODFXY1gwV0RydzNPMlF0MC9YY0ZJVlQ0TE91U3c4eVI0anpHSkFkSnFaZVZOYQpNc2N1VGd1KzVJcU5IS0NzQmtGZVJIV1FneHZzQWtZTDVoNHZnZm40TGs4WisvWUw3RnNxWUNkNmVsMD0KLS0tLS1FTkQgQ0VSVElGSUNBVEUtLS0tLQo=",
              "cluster_name": "pega-demo",
              "endpoint": "https://A9CE5AD1EA7E63B3A8B666022A7E61A1.sk1.us-west-2.eks.amazonaws.com",
              "kubelet_extra_args": "",
              "pre_userdata": ""
            }
          },
          "depends_on": [
            "aws_eks_cluster.this"
          ]
        }
      ]
    },
    {
      "module": "module.cluster",
      "mode": "data",
      "type": "template_file",
      "name": "worker_role_arns",
      "each": "list",
      "provider": "provider.template",
      "instances": [
        {
          "index_key": 0,
          "schema_version": 0,
          "attributes": {
            "filename": null,
            "id": "91543ec105db7bfc9d1b3576dee1ba537f38e25ec43842338ea84226f07e4529",
            "rendered": "    - rolearn: arn:aws:iam::925724605444:role/pega-demo20191120034257712600000009\n      username: system:node:{{EC2PrivateDNSName}}\n      groups:\n        - system:bootstrappers\n        - system:nodes\n",
            "template": "    - rolearn: ${worker_role_arn}\n      username: system:node:{{EC2PrivateDNSName}}\n      groups:\n        - system:bootstrappers\n        - system:nodes\n",
            "vars": {
              "worker_role_arn": "arn:aws:iam::925724605444:role/pega-demo20191120034257712600000009"
            }
          },
          "depends_on": [
            "aws_iam_instance_profile.workers",
            "data.aws_caller_identity.current",
            "data.aws_iam_instance_profile.custom_worker_group_iam_instance_profile"
          ]
        }
      ]
    },
    {
      "module": "module.cluster",
      "mode": "data",
      "type": "template_file",
      "name": "workers_launch_template_mixed",
      "each": "list",
      "provider": "provider.template",
      "instances": []
    },
    {
      "module": "module.cluster",
      "mode": "managed",
      "type": "aws_autoscaling_group",
      "name": "workers",
      "each": "list",
      "provider": "provider.aws",
      "instances": [
        {
          "index_key": 0,
          "schema_version": 0,
          "attributes": {
            "arn": "arn:aws:autoscaling:us-west-2:925724605444:autoScalingGroup:b22019c8-7883-4ab3-97b5-b0a7bbd556fc:autoScalingGroupName/pega-demo-020191120034315473900000011",
            "availability_zones": [
              "us-west-2a",
              "us-west-2b"
            ],
            "default_cooldown": 300,
            "desired_capacity": 5,
            "enabled_metrics": null,
            "force_delete": false,
            "health_check_grace_period": 300,
            "health_check_type": "EC2",
            "id": "pega-demo-020191120034315473900000011",
            "initial_lifecycle_hook": [],
            "launch_configuration": "pega-demo-020191120034303343000000010",
            "launch_template": [],
            "load_balancers": [],
            "max_size": 7,
            "metrics_granularity": "1Minute",
            "min_elb_capacity": null,
            "min_size": 5,
            "mixed_instances_policy": [],
            "name": "pega-demo-020191120034315473900000011",
            "name_prefix": "pega-demo-0",
            "placement_group": "",
            "protect_from_scale_in": false,
            "service_linked_role_arn": "arn:aws:iam::925724605444:role/aws-service-role/autoscaling.amazonaws.com/AWSServiceRoleForAutoScaling",
            "suspended_processes": [
              "AZRebalance"
            ],
            "tag": [],
            "tags": [
              {
                "key": "Name",
                "propagate_at_launch": "true",
                "value": "pega-demo-0-eks_asg"
              },
              {
                "key": "kubernetes.io/cluster/pega-demo",
                "propagate_at_launch": "true",
                "value": "owned"
              },
              {
                "key": "k8s.io/cluster-autoscaler/disabled",
                "propagate_at_launch": "false",
                "value": "true"
              },
              {
                "key": "k8s.io/cluster-autoscaler/pega-demo",
                "propagate_at_launch": "false",
                "value": "pega-demo"
              },
              {
                "key": "k8s.io/cluster-autoscaler/node-template/resources/ephemeral-storage",
                "propagate_at_launch": "false",
                "value": "100Gi"
              },
              {
                "key": "Environment",
                "propagate_at_launch": "true",
                "value": "Development"
              }
            ],
            "target_group_arns": [],
            "termination_policies": [],
            "timeouts": null,
            "vpc_zone_identifier": [
              "subnet-052d1c0152b4414c3",
              "subnet-0872726bffc89a5da"
            ],
            "wait_for_capacity_timeout": "10m",
            "wait_for_elb_capacity": null
          },
          "depends_on": [
            "aws_eks_cluster.this",
            "aws_launch_configuration.workers"
          ]
        }
      ]
    },
    {
      "module": "module.cluster",
      "mode": "managed",
      "type": "aws_autoscaling_group",
      "name": "workers_launch_template",
      "each": "list",
      "provider": "provider.aws",
      "instances": []
    },
    {
      "module": "module.cluster",
      "mode": "managed",
      "type": "aws_autoscaling_group",
      "name": "workers_launch_template_mixed",
      "each": "list",
      "provider": "provider.aws",
      "instances": []
    },
    {
      "module": "module.cluster",
      "mode": "managed",
      "type": "aws_cloudwatch_log_group",
      "name": "this",
      "each": "list",
      "provider": "provider.aws",
      "instances": []
    },
    {
      "module": "module.db.module.db_instance",
      "mode": "managed",
      "type": "aws_db_instance",
      "name": "this",
      "each": "list",
      "provider": "provider.aws",
      "instances": [
        {
          "index_key": 0,
          "schema_version": 0,
          "attributes": {
            "address": "pega-demo.cvg3oerprfmb.us-west-2.rds.amazonaws.com",
            "allocated_storage": 50,
            "allow_major_version_upgrade": false,
            "apply_immediately": false,
            "arn": "arn:aws:rds:us-west-2:925724605444:db:pega-demo",
            "auto_minor_version_upgrade": true,
            "availability_zone": "us-west-2a",
            "backup_retention_period": 0,
            "backup_window": "03:00-06:00",
            "ca_cert_identifier": "rds-ca-2015",
            "character_set_name": null,
            "copy_tags_to_snapshot": false,
            "db_subnet_group_name": "pega-demo-20191120034257710800000007",
            "deletion_protection": false,
            "domain": "",
            "domain_iam_role_name": "",
            "enabled_cloudwatch_logs_exports": [],
            "endpoint": "pega-demo.cvg3oerprfmb.us-west-2.rds.amazonaws.com:5432",
            "engine": "postgres",
            "engine_version": "9.6.10",
            "final_snapshot_identifier": null,
            "hosted_zone_id": "Z1PVIF0B656C1W",
            "iam_database_authentication_enabled": false,
            "id": "pega-demo",
            "identifier": "pega-demo",
            "identifier_prefix": null,
            "instance_class": "db.m4.xlarge",
            "iops": 0,
            "kms_key_id": "",
            "license_model": "postgresql-license",
            "maintenance_window": "mon:00:00-mon:03:00",
            "max_allocated_storage": 0,
            "monitoring_interval": 0,
            "monitoring_role_arn": "",
            "multi_az": false,
            "name": "dev",
            "option_group_name": "default:postgres-9-6",
            "parameter_group_name": "pega-demo-20191120034257710100000006",
            "password": "postgres",
            "performance_insights_enabled": false,
            "performance_insights_kms_key_id": "",
            "performance_insights_retention_period": 0,
            "port": 5432,
            "publicly_accessible": true,
            "replicas": [],
            "replicate_source_db": "",
            "resource_id": "db-HG2DTFBBRUKHIUUZH4SSJQGFZY",
            "s3_import": [],
            "security_group_names": null,
            "skip_final_snapshot": true,
            "snapshot_identifier": "",
            "status": "available",
            "storage_encrypted": false,
            "storage_type": "gp2",
            "tags": {
              "Environment": "Development",
              "Name": "pega-demo"
            },
            "timeouts": {
              "create": "40m",
              "delete": "40m",
              "update": "80m"
            },
            "timezone": "",
            "username": "postgres",
            "vpc_security_group_ids": [
              "sg-0f448586bb6555479"
            ]
          },
          "depends_on": [
            "aws_iam_role.enhanced_monitoring"
          ]
        }
      ]
    },
    {
      "module": "module.db.module.db_instance",
      "mode": "managed",
      "type": "aws_db_instance",
      "name": "this_mssql",
      "each": "list",
      "provider": "provider.aws",
      "instances": []
    },
    {
      "module": "module.db.module.db_option_group",
      "mode": "managed",
      "type": "aws_db_option_group",
      "name": "this",
      "each": "list",
      "provider": "provider.aws",
      "instances": []
    },
    {
      "module": "module.db.module.db_parameter_group",
      "mode": "managed",
      "type": "aws_db_parameter_group",
      "name": "this",
      "each": "list",
      "provider": "provider.aws",
      "instances": [
        {
          "index_key": 0,
          "schema_version": 0,
          "attributes": {
            "arn": "arn:aws:rds:us-west-2:925724605444:pg:pega-demo-20191120034257710100000006",
            "description": "Database parameter group for pega-demo",
            "family": "postgres9.6",
            "id": "pega-demo-20191120034257710100000006",
            "name": "pega-demo-20191120034257710100000006",
            "name_prefix": "pega-demo-",
            "parameter": [],
            "tags": {
              "Environment": "Development",
              "Name": "pega-demo"
            }
          }
        }
      ]
    },
    {
      "module": "module.db.module.db_parameter_group",
      "mode": "managed",
      "type": "aws_db_parameter_group",
      "name": "this_no_prefix",
      "each": "list",
      "provider": "provider.aws",
      "instances": []
    },
    {
      "module": "module.vpc",
      "mode": "managed",
      "type": "aws_db_subnet_group",
      "name": "database",
      "each": "list",
      "provider": "provider.aws",
      "instances": []
    },
    {
      "module": "module.db.module.db_subnet_group",
      "mode": "managed",
      "type": "aws_db_subnet_group",
      "name": "this",
      "each": "list",
      "provider": "provider.aws",
      "instances": [
        {
          "index_key": 0,
          "schema_version": 0,
          "attributes": {
            "arn": "arn:aws:rds:us-west-2:925724605444:subgrp:pega-demo-20191120034257710800000007",
            "description": "Database subnet group for pega-demo",
            "id": "pega-demo-20191120034257710800000007",
            "name": "pega-demo-20191120034257710800000007",
            "name_prefix": "pega-demo-",
            "subnet_ids": [
              "subnet-052d1c0152b4414c3",
              "subnet-0872726bffc89a5da"
            ],
            "tags": {
              "Environment": "Development",
              "Name": "pega-demo"
            }
          }
        }
      ]
    },
    {
      "module": "module.vpc",
      "mode": "managed",
      "type": "aws_default_network_acl",
      "name": "this",
      "each": "list",
      "provider": "provider.aws",
      "instances": []
    },
    {
      "module": "module.vpc",
      "mode": "managed",
      "type": "aws_default_vpc",
      "name": "this",
      "each": "list",
      "provider": "provider.aws",
      "instances": []
    },
    {
      "module": "module.vpc",
      "mode": "managed",
      "type": "aws_eip",
      "name": "nat",
      "each": "list",
      "provider": "provider.aws",
      "instances": []
    },
    {
      "module": "module.cluster",
      "mode": "managed",
      "type": "aws_eks_cluster",
      "name": "this",
      "provider": "provider.aws",
      "instances": [
        {
          "schema_version": 0,
          "attributes": {
            "arn": "arn:aws:eks:us-west-2:925724605444:cluster/pega-demo",
            "certificate_authority": [
              {
                "data": "LS0tLS1CRUdJTiBDRVJUSUZJQ0FURS0tLS0tCk1JSUN5RENDQWJDZ0F3SUJBZ0lCQURBTkJna3Foa2lHOXcwQkFRc0ZBREFWTVJNd0VRWURWUVFERXdwcmRXSmwKY201bGRHVnpNQjRYRFRFNU1URXlNREF6TXprMU9Wb1hEVEk1TVRFeE56QXpNemsxT1Zvd0ZURVRNQkVHQTFVRQpBeE1LYTNWaVpYSnVaWFJsY3pDQ0FTSXdEUVlKS29aSWh2Y05BUUVCQlFBRGdnRVBBRENDQVFvQ2dnRUJBTHMrClAwTTBKQW1BN3RtaHdVTnBoRkxPU3BNVnU2Nk9GMy9obElYM09QN09lTUpuNHZyclJENHpPd2V6Uk8wM0hIRkUKZmZ5anJIci9IODh0WHdESEh2aGhwSFVqRjhBRCtiaUI4VDYvZXJ5OGFZVzBNU3V5VHFzVkhzbmZ0dVVUOE5iegpKY3p5aTNjUzYzNnZlZWVzREV0YS81MktudDhSODhmVnZUR1RSMnRSU2gvU1J1b1pzOWU2cXh1NDVEZFBjbWh5CnVpUU1LSFN0cFNmYkdUWGtXVEZibGsySmg4T0JlbDJhZnpCTVZqNTg5UTdQby9YN0pIYldYbnhkVEJQNTNPN0gKN21IOEdPMWpEakNQV0Z1R2lISDRqTEx0TUsrcjVRaXZBVjFySzhSTXJEYTd1ZnBYUTNzcmFrdnhNTUZ2SUxUYgpDMEFWa2xCK0JJZDIrV1E2NUZNQ0F3RUFBYU1qTUNFd0RnWURWUjBQQVFIL0JBUURBZ0trTUE4R0ExVWRFd0VCCi93UUZNQU1CQWY4d0RRWUpLb1pJaHZjTkFRRUxCUUFEZ2dFQkFFTU9lVWF1UWZoTDBVQTVoSmRmeUNDS0FxVkwKeVFyUzIrNzE4V2E0UFhPNU1mT0k5RisrTUZtSWdvbnM4M2dGYnAvbU5nMjhQOWpOblF0T0xkd2dzdE5KQWNxcwpadSs2eXowMGhsdlEvczlzcGVFT051dXp1d09YS1lZWjl6UUZPYU81azNSYjhwejJOQkh6RUNDOEVOVUFuUCsrCi9mWTBuY0Z3RlN4Q2gyN2JkcFFUWkhlV0VVbVBkTzZhRnYrY3lSZEt4Sk5ST3JDdVlHSTZ6QmFqYlVzVnV3R0IKajlpY2lwYWdCQnptaFg2R1Z2ODFXY1gwV0RydzNPMlF0MC9YY0ZJVlQ0TE91U3c4eVI0anpHSkFkSnFaZVZOYQpNc2N1VGd1KzVJcU5IS0NzQmtGZVJIV1FneHZzQWtZTDVoNHZnZm40TGs4WisvWUw3RnNxWUNkNmVsMD0KLS0tLS1FTkQgQ0VSVElGSUNBVEUtLS0tLQo="
              }
            ],
            "created_at": "2019-11-20 03:33:24 +0000 UTC",
            "enabled_cluster_log_types": null,
            "endpoint": "https://A9CE5AD1EA7E63B3A8B666022A7E61A1.sk1.us-west-2.eks.amazonaws.com",
            "id": "pega-demo",
            "identity": [],
            "name": "pega-demo",
            "platform_version": "eks.6",
            "role_arn": "arn:aws:iam::925724605444:role/pega-demo20191120033310884900000001",
            "status": "ACTIVE",
            "tags": null,
            "timeouts": {
              "create": "60m",
              "delete": "60m",
              "update": null
            },
            "version": "1.12",
            "vpc_config": [
              {
                "endpoint_private_access": false,
                "endpoint_public_access": true,
                "security_group_ids": [
                  "sg-041d41cfc1c0e2171"
                ],
                "subnet_ids": [
                  "subnet-052d1c0152b4414c3",
                  "subnet-0872726bffc89a5da"
                ],
                "vpc_id": "vpc-08878805f6d8e9b0c"
              }
            ]
          },
          "depends_on": [
            "aws_cloudwatch_log_group.this",
            "aws_iam_role_policy_attachment.cluster_AmazonEKSClusterPolicy",
            "aws_iam_role_policy_attachment.cluster_AmazonEKSServicePolicy"
          ]
        }
      ]
    },
    {
      "module": "module.vpc",
      "mode": "managed",
      "type": "aws_elasticache_subnet_group",
      "name": "elasticache",
      "each": "list",
      "provider": "provider.aws",
      "instances": []
    },
    {
      "module": "module.cluster",
      "mode": "managed",
      "type": "aws_iam_instance_profile",
      "name": "workers",
      "each": "list",
      "provider": "provider.aws",
      "instances": [
        {
          "index_key": 0,
          "schema_version": 0,
          "attributes": {
            "arn": "arn:aws:iam::925724605444:instance-profile/pega-demo2019112003425943210000000b",
            "create_date": "2019-11-20T03:43:00Z",
            "id": "pega-demo2019112003425943210000000b",
            "name": "pega-demo2019112003425943210000000b",
            "name_prefix": "pega-demo",
            "path": "/",
            "role": "pega-demo20191120034257712600000009",
            "roles": [],
            "unique_id": "AIPA5PCL4PQCKPLTTZQM3"
          },
          "depends_on": [
            "aws_eks_cluster.this"
          ]
        }
      ]
    },
    {
      "module": "module.cluster",
      "mode": "managed",
      "type": "aws_iam_instance_profile",
      "name": "workers_launch_template",
      "each": "list",
      "provider": "provider.aws",
      "instances": []
    },
    {
      "module": "module.cluster",
      "mode": "managed",
      "type": "aws_iam_instance_profile",
      "name": "workers_launch_template_mixed",
      "each": "list",
      "provider": "provider.aws",
      "instances": []
    },
    {
      "module": "module.cluster",
      "mode": "managed",
      "type": "aws_iam_policy",
      "name": "worker_autoscaling",
      "each": "list",
      "provider": "provider.aws",
      "instances": [
        {
          "index_key": 0,
          "schema_version": 0,
          "attributes": {
            "arn": "arn:aws:iam::925724605444:policy/eks-worker-autoscaling-pega-demo2019112003425771530000000a",
            "description": "EKS worker node autoscaling policy for cluster pega-demo",
            "id": "arn:aws:iam::925724605444:policy/eks-worker-autoscaling-pega-demo2019112003425771530000000a",
            "name": "eks-worker-autoscaling-pega-demo2019112003425771530000000a",
            "name_prefix": "eks-worker-autoscaling-pega-demo",
            "path": "/",
            "policy": "{\n  \"Version\": \"2012-10-17\",\n  \"Statement\": [\n    {\n      \"Sid\": \"eksWorkerAutoscalingAll\",\n      \"Effect\": \"Allow\",\n      \"Action\": [\n        \"ec2:DescribeLaunchTemplateVersions\",\n        \"autoscaling:DescribeTags\",\n        \"autoscaling:DescribeLaunchConfigurations\",\n        \"autoscaling:DescribeAutoScalingInstances\",\n        \"autoscaling:DescribeAutoScalingGroups\"\n      ],\n      \"Resource\": \"*\"\n    },\n    {\n      \"Sid\": \"eksWorkerAutoscalingOwn\",\n      \"Effect\": \"Allow\",\n      \"Action\": [\n        \"autoscaling:UpdateAutoScalingGroup\",\n        \"autoscaling:TerminateInstanceInAutoScalingGroup\",\n        \"autoscaling:SetDesiredCapacity\"\n      ],\n      \"Resource\": \"*\",\n      \"Condition\": {\n        \"StringEquals\": {\n          \"autoscaling:ResourceTag/k8s.io/cluster-autoscaler/enabled\": \"true\",\n          \"autoscaling:ResourceTag/kubernetes.io/cluster/pega-demo\": \"owned\"\n        }\n      }\n    }\n  ]\n}"
          },
          "depends_on": [
            "aws_eks_cluster.this",
            "data.aws_iam_policy_document.worker_autoscaling"
          ]
        }
      ]
    },
    {
      "module": "module.cluster",
      "mode": "managed",
      "type": "aws_iam_role",
      "name": "cluster",
      "each": "list",
      "provider": "provider.aws",
      "instances": [
        {
          "index_key": 0,
          "schema_version": 0,
          "attributes": {
            "arn": "arn:aws:iam::925724605444:role/pega-demo20191120033310884900000001",
            "assume_role_policy": "{\"Version\":\"2012-10-17\",\"Statement\":[{\"Sid\":\"EKSClusterAssumeRole\",\"Effect\":\"Allow\",\"Principal\":{\"Service\":\"eks.amazonaws.com\"},\"Action\":\"sts:AssumeRole\"}]}",
            "create_date": "2019-11-20T03:33:11Z",
            "description": "",
            "force_detach_policies": true,
            "id": "pega-demo20191120033310884900000001",
            "max_session_duration": 3600,
            "name": "pega-demo20191120033310884900000001",
            "name_prefix": "pega-demo",
            "path": "/",
            "permissions_boundary": "",
            "tags": {
              "Environment": "Development"
            },
            "unique_id": "AROA5PCL4PQCKHIAD7H4O"
          },
          "depends_on": [
            "data.aws_iam_policy_document.cluster_assume_role_policy"
          ]
        }
      ]
    },
    {
      "module": "module.db.module.db_instance",
      "mode": "managed",
      "type": "aws_iam_role",
      "name": "enhanced_monitoring",
      "each": "list",
      "provider": "provider.aws",
      "instances": []
    },
    {
      "module": "module.cluster",
      "mode": "managed",
      "type": "aws_iam_role",
      "name": "workers",
      "each": "list",
      "provider": "provider.aws",
      "instances": [
        {
          "index_key": 0,
          "schema_version": 0,
          "attributes": {
            "arn": "arn:aws:iam::925724605444:role/pega-demo20191120034257712600000009",
            "assume_role_policy": "{\"Version\":\"2012-10-17\",\"Statement\":[{\"Sid\":\"EKSWorkerAssumeRole\",\"Effect\":\"Allow\",\"Principal\":{\"Service\":\"ec2.amazonaws.com\"},\"Action\":\"sts:AssumeRole\"}]}",
            "create_date": "2019-11-20T03:42:58Z",
            "description": "",
            "force_detach_policies": true,
            "id": "pega-demo20191120034257712600000009",
            "max_session_duration": 3600,
            "name": "pega-demo20191120034257712600000009",
            "name_prefix": "pega-demo",
            "path": "/",
            "permissions_boundary": "",
            "tags": null,
            "unique_id": "AROA5PCL4PQCOPSYWNXKY"
          },
          "depends_on": [
            "aws_eks_cluster.this",
            "data.aws_iam_policy_document.workers_assume_role_policy"
          ]
        }
      ]
    },
    {
      "module": "module.cluster",
      "mode": "managed",
      "type": "aws_iam_role_policy_attachment",
      "name": "cluster_AmazonEKSClusterPolicy",
      "each": "list",
      "provider": "provider.aws",
      "instances": [
        {
          "index_key": 0,
          "schema_version": 0,
          "attributes": {
            "id": "pega-demo20191120033310884900000001-20191120033313520500000003",
            "policy_arn": "arn:aws:iam::aws:policy/AmazonEKSClusterPolicy",
            "role": "pega-demo20191120033310884900000001"
          },
          "depends_on": [
            "aws_iam_role.cluster[0]"
          ]
        }
      ]
    },
    {
      "module": "module.cluster",
      "mode": "managed",
      "type": "aws_iam_role_policy_attachment",
      "name": "cluster_AmazonEKSServicePolicy",
      "each": "list",
      "provider": "provider.aws",
      "instances": [
        {
          "index_key": 0,
          "schema_version": 0,
          "attributes": {
            "id": "pega-demo20191120033310884900000001-20191120033313480900000002",
            "policy_arn": "arn:aws:iam::aws:policy/AmazonEKSServicePolicy",
            "role": "pega-demo20191120033310884900000001"
          },
          "depends_on": [
            "aws_iam_role.cluster[0]"
          ]
        }
      ]
    },
    {
      "module": "module.db.module.db_instance",
      "mode": "managed",
      "type": "aws_iam_role_policy_attachment",
      "name": "enhanced_monitoring",
      "each": "list",
      "provider": "provider.aws",
      "instances": []
    },
    {
      "module": "module.cluster",
      "mode": "managed",
      "type": "aws_iam_role_policy_attachment",
      "name": "workers_AmazonEC2ContainerRegistryReadOnly",
      "each": "list",
      "provider": "provider.aws",
      "instances": [
        {
          "index_key": 0,
          "schema_version": 0,
          "attributes": {
            "id": "pega-demo20191120034257712600000009-2019112003430027560000000e",
            "policy_arn": "arn:aws:iam::aws:policy/AmazonEC2ContainerRegistryReadOnly",
            "role": "pega-demo20191120034257712600000009"
          },
          "depends_on": [
            "aws_iam_role.workers[0]"
          ]
        }
      ]
    },
    {
      "module": "module.cluster",
      "mode": "managed",
      "type": "aws_iam_role_policy_attachment",
      "name": "workers_AmazonEKSWorkerNodePolicy",
      "each": "list",
      "provider": "provider.aws",
      "instances": [
        {
          "index_key": 0,
          "schema_version": 0,
          "attributes": {
            "id": "pega-demo20191120034257712600000009-2019112003430027160000000d",
            "policy_arn": "arn:aws:iam::aws:policy/AmazonEKSWorkerNodePolicy",
            "role": "pega-demo20191120034257712600000009"
          },
          "depends_on": [
            "aws_iam_role.workers[0]"
          ]
        }
      ]
    },
    {
      "module": "module.cluster",
      "mode": "managed",
      "type": "aws_iam_role_policy_attachment",
      "name": "workers_AmazonEKS_CNI_Policy",
      "each": "list",
      "provider": "provider.aws",
      "instances": [
        {
          "index_key": 0,
          "schema_version": 0,
          "attributes": {
            "id": "pega-demo20191120034257712600000009-2019112003430026810000000c",
            "policy_arn": "arn:aws:iam::aws:policy/AmazonEKS_CNI_Policy",
            "role": "pega-demo20191120034257712600000009"
          },
          "depends_on": [
            "aws_iam_role.workers[0]"
          ]
        }
      ]
    },
    {
      "module": "module.cluster",
      "mode": "managed",
      "type": "aws_iam_role_policy_attachment",
      "name": "workers_additional_policies",
      "each": "list",
      "provider": "provider.aws",
      "instances": []
    },
    {
      "module": "module.cluster",
      "mode": "managed",
      "type": "aws_iam_role_policy_attachment",
      "name": "workers_autoscaling",
      "each": "list",
      "provider": "provider.aws",
      "instances": [
        {
          "index_key": 0,
          "schema_version": 0,
          "attributes": {
            "id": "pega-demo20191120034257712600000009-2019112003430102020000000f",
            "policy_arn": "arn:aws:iam::925724605444:policy/eks-worker-autoscaling-pega-demo2019112003425771530000000a",
            "role": "pega-demo20191120034257712600000009"
          },
          "depends_on": [
            "aws_iam_policy.worker_autoscaling[0]",
            "aws_iam_role.workers[0]"
          ]
        }
      ]
    },
    {
      "module": "module.vpc",
      "mode": "managed",
      "type": "aws_internet_gateway",
      "name": "this",
      "each": "list",
      "provider": "provider.aws",
      "instances": [
        {
          "index_key": 0,
          "schema_version": 0,
          "attributes": {
            "id": "igw-0a4cc2e9a97ea00ee",
            "owner_id": "925724605444",
            "tags": {
              "Environment": "Development",
              "Name": "pega-demo",
              "kubernetes.io/role/elb": "1"
            },
            "vpc_id": "vpc-08878805f6d8e9b0c"
          }
        }
      ]
    },
    {
      "module": "module.cluster",
      "mode": "managed",
      "type": "aws_launch_configuration",
      "name": "workers",
      "each": "list",
      "provider": "provider.aws",
      "instances": [
        {
          "index_key": 0,
          "schema_version": 0,
          "attributes": {
            "associate_public_ip_address": false,
            "ebs_block_device": [],
            "ebs_optimized": true,
            "enable_monitoring": true,
            "ephemeral_block_device": [],
            "iam_instance_profile": "pega-demo2019112003425943210000000b",
            "id": "pega-demo-020191120034303343000000010",
            "image_id": "ami-0ec0eebfe09f8a641",
            "instance_type": "m4.xlarge",
            "key_name": "pega-kp",
            "name": "pega-demo-020191120034303343000000010",
            "name_prefix": "pega-demo-0",
            "placement_tenancy": "",
            "root_block_device": [
              {
                "delete_on_termination": true,
                "encrypted": false,
                "iops": 0,
                "volume_size": 100,
                "volume_type": "gp2"
              }
            ],
            "security_groups": [
              "sg-0e65880a63ee3c3ff"
            ],
            "spot_price": "",
            "user_data": null,
            "user_data_base64": "IyEvYmluL2Jhc2ggLXhlCgojIEFsbG93IHVzZXIgc3VwcGxpZWQgcHJlIHVzZXJkYXRhIGNvZGUKCgojIEJvb3RzdHJhcCBhbmQgam9pbiB0aGUgY2x1c3RlcgovZXRjL2Vrcy9ib290c3RyYXAuc2ggLS1iNjQtY2x1c3Rlci1jYSAnTFMwdExTMUNSVWRKVGlCRFJWSlVTVVpKUTBGVVJTMHRMUzB0Q2sxSlNVTjVSRU5EUVdKRFowRjNTVUpCWjBsQ1FVUkJUa0puYTNGb2EybEhPWGN3UWtGUmMwWkJSRUZXVFZKTmQwVlJXVVJXVVZGRVJYZHdjbVJYU213S1kyMDFiR1JIVm5wTlFqUllSRlJGTlUxVVJYbE5SRUY2VFhwck1VOVdiMWhFVkVrMVRWUkZlRTU2UVhwTmVtc3hUMVp2ZDBaVVJWUk5Ra1ZIUVRGVlJRcEJlRTFMWVROV2FWcFlTblZhV0ZKc1kzcERRMEZUU1hkRVVWbEtTMjlhU1doMlkwNUJVVVZDUWxGQlJHZG5SVkJCUkVORFFWRnZRMmRuUlVKQlRITXJDbEF3VFRCS1FXMUJOM1J0YUhkVlRuQm9Sa3hQVTNCTlZuVTJOazlHTXk5b2JFbFlNMDlRTjA5bFRVcHVOSFp5Y2xKRU5IcFBkMlY2VWs4d00waElSa1VLWm1aNWFuSkljaTlJT0RoMFdIZEVTRWgyYUdod1NGVnFSamhCUkN0aWFVSTRWRFl2WlhKNU9HRlpWekJOVTNWNVZIRnpWa2h6Ym1aMGRWVlVPRTVpZWdwS1kzcDVhVE5qVXpZek5uWmxaV1Z6UkVWMFlTODFNa3R1ZERoU09EaG1WblpVUjFSU01uUlNVMmd2VTFKMWIxcHpPV1UyY1hoMU5EVkVaRkJqYldoNUNuVnBVVTFMU0ZOMGNGTm1Za2RVV0d0WFZFWmliR3N5U21nNFQwSmxiREpoWm5wQ1RWWnFOVGc1VVRkUWJ5OVlOMHBJWWxkWWJuaGtWRUpRTlROUE4wZ0tOMjFJT0VkUE1XcEVha05RVjBaMVIybElTRFJxVEV4MFRVc3JjalZSYVhaQlZqRnlTemhTVFhKRVlUZDFabkJZVVROemNtRnJkbmhOVFVaMlNVeFVZZ3BETUVGV2EyeENLMEpKWkRJclYxRTJOVVpOUTBGM1JVRkJZVTFxVFVORmQwUm5XVVJXVWpCUVFWRklMMEpCVVVSQlowdHJUVUU0UjBFeFZXUkZkMFZDQ2k5M1VVWk5RVTFDUVdZNGQwUlJXVXBMYjFwSmFIWmpUa0ZSUlV4Q1VVRkVaMmRGUWtGRlRVOWxWV0YxVVdab1REQlZRVFZvU21SbWVVTkRTMEZ4Vmt3S2VWRnlVeklyTnpFNFYyRTBVRmhQTlUxbVQwazVSaXNyVFVadFNXZHZibk00TTJkR1luQXZiVTVuTWpoUU9XcE9ibEYwVDB4a2QyZHpkRTVLUVdOeGN3cGFkU3MyZVhvd01HaHNkbEV2Y3psemNHVkZUMDUxZFhwMWQwOVlTMWxaV2psNlVVWlBZVTgxYXpOU1lqaHdlakpPUWtoNlJVTkRPRVZPVlVGdVVDc3JDaTltV1RCdVkwWjNSbE40UTJneU4ySmtjRkZVV2tobFYwVlZiVkJrVHpaaFJuWXJZM2xTWkV0NFNrNVNUM0pEZFZsSFNUWjZRbUZxWWxWelZuVjNSMElLYWpscFkybHdZV2RDUW5wdGFGZzJSMVoyT0RGWFkxZ3dWMFJ5ZHpOUE1sRjBNQzlZWTBaSlZsUTBURTkxVTNjNGVWSTBhbnBIU2tGa1NuRmFaVlpPWVFwTmMyTjFWR2QxS3pWSmNVNUlTME56UW10R1pWSklWMUZuZUhaelFXdFpURFZvTkhablptNDBUR3M0V2lzdldVdzNSbk54V1VOa05tVnNNRDBLTFMwdExTMUZUa1FnUTBWU1ZFbEdTVU5CVkVVdExTMHRMUW89JyAtLWFwaXNlcnZlci1lbmRwb2ludCAnaHR0cHM6Ly9BOUNFNUFEMUVBN0U2M0IzQThCNjY2MDIyQTdFNjFBMS5zazEudXMtd2VzdC0yLmVrcy5hbWF6b25hd3MuY29tJyAgLS1rdWJlbGV0LWV4dHJhLWFyZ3MgJycgJ3BlZ2EtZGVtbycKCiMgQWxsb3cgdXNlciBzdXBwbGllZCB1c2VyZGF0YSBjb2RlCgo=",
            "vpc_classic_link_id": "",
            "vpc_classic_link_security_groups": null
          },
          "depends_on": [
            "aws_eks_cluster.this",
            "aws_iam_instance_profile.workers",
            "data.aws_iam_instance_profile.custom_worker_group_iam_instance_profile",
            "data.template_file.userdata"
          ]
        }
      ]
    },
    {
      "module": "module.cluster",
      "mode": "managed",
      "type": "aws_launch_template",
      "name": "workers_launch_template",
      "each": "list",
      "provider": "provider.aws",
      "instances": []
    },
    {
      "module": "module.cluster",
      "mode": "managed",
      "type": "aws_launch_template",
      "name": "workers_launch_template_mixed",
      "each": "list",
      "provider": "provider.aws",
      "instances": []
    },
    {
      "module": "module.vpc",
      "mode": "managed",
      "type": "aws_nat_gateway",
      "name": "this",
      "each": "list",
      "provider": "provider.aws",
      "instances": []
    },
    {
      "module": "module.vpc",
      "mode": "managed",
      "type": "aws_network_acl",
      "name": "database",
      "each": "list",
      "provider": "provider.aws",
      "instances": []
    },
    {
      "module": "module.vpc",
      "mode": "managed",
      "type": "aws_network_acl",
      "name": "elasticache",
      "each": "list",
      "provider": "provider.aws",
      "instances": []
    },
    {
      "module": "module.vpc",
      "mode": "managed",
      "type": "aws_network_acl",
      "name": "intra",
      "each": "list",
      "provider": "provider.aws",
      "instances": []
    },
    {
      "module": "module.vpc",
      "mode": "managed",
      "type": "aws_network_acl",
      "name": "private",
      "each": "list",
      "provider": "provider.aws",
      "instances": []
    },
    {
      "module": "module.vpc",
      "mode": "managed",
      "type": "aws_network_acl",
      "name": "public",
      "each": "list",
      "provider": "provider.aws",
      "instances": []
    },
    {
      "module": "module.vpc",
      "mode": "managed",
      "type": "aws_network_acl",
      "name": "redshift",
      "each": "list",
      "provider": "provider.aws",
      "instances": []
    },
    {
      "module": "module.vpc",
      "mode": "managed",
      "type": "aws_network_acl_rule",
      "name": "database_inbound",
      "each": "list",
      "provider": "provider.aws",
      "instances": []
    },
    {
      "module": "module.vpc",
      "mode": "managed",
      "type": "aws_network_acl_rule",
      "name": "database_outbound",
      "each": "list",
      "provider": "provider.aws",
      "instances": []
    },
    {
      "module": "module.vpc",
      "mode": "managed",
      "type": "aws_network_acl_rule",
      "name": "elasticache_inbound",
      "each": "list",
      "provider": "provider.aws",
      "instances": []
    },
    {
      "module": "module.vpc",
      "mode": "managed",
      "type": "aws_network_acl_rule",
      "name": "elasticache_outbound",
      "each": "list",
      "provider": "provider.aws",
      "instances": []
    },
    {
      "module": "module.vpc",
      "mode": "managed",
      "type": "aws_network_acl_rule",
      "name": "intra_inbound",
      "each": "list",
      "provider": "provider.aws",
      "instances": []
    },
    {
      "module": "module.vpc",
      "mode": "managed",
      "type": "aws_network_acl_rule",
      "name": "intra_outbound",
      "each": "list",
      "provider": "provider.aws",
      "instances": []
    },
    {
      "module": "module.vpc",
      "mode": "managed",
      "type": "aws_network_acl_rule",
      "name": "private_inbound",
      "each": "list",
      "provider": "provider.aws",
      "instances": []
    },
    {
      "module": "module.vpc",
      "mode": "managed",
      "type": "aws_network_acl_rule",
      "name": "private_outbound",
      "each": "list",
      "provider": "provider.aws",
      "instances": []
    },
    {
      "module": "module.vpc",
      "mode": "managed",
      "type": "aws_network_acl_rule",
      "name": "public_inbound",
      "each": "list",
      "provider": "provider.aws",
      "instances": []
    },
    {
      "module": "module.vpc",
      "mode": "managed",
      "type": "aws_network_acl_rule",
      "name": "public_outbound",
      "each": "list",
      "provider": "provider.aws",
      "instances": []
    },
    {
      "module": "module.vpc",
      "mode": "managed",
      "type": "aws_network_acl_rule",
      "name": "redshift_inbound",
      "each": "list",
      "provider": "provider.aws",
      "instances": []
    },
    {
      "module": "module.vpc",
      "mode": "managed",
      "type": "aws_network_acl_rule",
      "name": "redshift_outbound",
      "each": "list",
      "provider": "provider.aws",
      "instances": []
    },
    {
      "module": "module.vpc",
      "mode": "managed",
      "type": "aws_redshift_subnet_group",
      "name": "redshift",
      "each": "list",
      "provider": "provider.aws",
      "instances": []
    },
    {
      "module": "module.vpc",
      "mode": "managed",
      "type": "aws_route",
      "name": "database_internet_gateway",
      "each": "list",
      "provider": "provider.aws",
      "instances": []
    },
    {
      "module": "module.vpc",
      "mode": "managed",
      "type": "aws_route",
      "name": "database_nat_gateway",
      "each": "list",
      "provider": "provider.aws",
      "instances": []
    },
    {
      "module": "module.vpc",
      "mode": "managed",
      "type": "aws_route",
      "name": "private_nat_gateway",
      "each": "list",
      "provider": "provider.aws",
      "instances": []
    },
    {
      "module": "module.vpc",
      "mode": "managed",
      "type": "aws_route",
      "name": "public_internet_gateway",
      "each": "list",
      "provider": "provider.aws",
      "instances": [
        {
          "index_key": 0,
          "schema_version": 0,
          "attributes": {
            "destination_cidr_block": "0.0.0.0/0",
            "destination_ipv6_cidr_block": null,
            "destination_prefix_list_id": "",
            "egress_only_gateway_id": "",
            "gateway_id": "igw-0a4cc2e9a97ea00ee",
            "id": "r-rtb-06b41dea85e10b1fd1080289494",
            "instance_id": "",
            "instance_owner_id": "",
            "nat_gateway_id": "",
            "network_interface_id": "",
            "origin": "CreateRoute",
            "route_table_id": "rtb-06b41dea85e10b1fd",
            "state": "active",
            "timeouts": {
              "create": "5m",
              "delete": null
            },
            "transit_gateway_id": "",
            "vpc_peering_connection_id": ""
          },
          "depends_on": [
            "aws_internet_gateway.this[0]",
            "aws_route_table.public[0]"
          ]
        }
      ]
    },
    {
      "module": "module.vpc",
      "mode": "managed",
      "type": "aws_route_table",
      "name": "database",
      "each": "list",
      "provider": "provider.aws",
      "instances": []
    },
    {
      "module": "module.vpc",
      "mode": "managed",
      "type": "aws_route_table",
      "name": "elasticache",
      "each": "list",
      "provider": "provider.aws",
      "instances": []
    },
    {
      "module": "module.vpc",
      "mode": "managed",
      "type": "aws_route_table",
      "name": "intra",
      "each": "list",
      "provider": "provider.aws",
      "instances": []
    },
    {
      "module": "module.vpc",
      "mode": "managed",
      "type": "aws_route_table",
      "name": "private",
      "each": "list",
      "provider": "provider.aws",
      "instances": []
    },
    {
      "module": "module.vpc",
      "mode": "managed",
      "type": "aws_route_table",
      "name": "public",
      "each": "list",
      "provider": "provider.aws",
      "instances": [
        {
          "index_key": 0,
          "schema_version": 0,
          "attributes": {
            "id": "rtb-06b41dea85e10b1fd",
            "owner_id": "925724605444",
            "propagating_vgws": [],
            "route": [],
            "tags": {
              "Environment": "Development",
              "Name": "pega-demo-public",
              "kubernetes.io/role/elb": "1"
            },
            "vpc_id": "vpc-08878805f6d8e9b0c"
          }
        }
      ]
    },
    {
      "module": "module.vpc",
      "mode": "managed",
      "type": "aws_route_table",
      "name": "redshift",
      "each": "list",
      "provider": "provider.aws",
      "instances": []
    },
    {
      "module": "module.vpc",
      "mode": "managed",
      "type": "aws_route_table_association",
      "name": "database",
      "each": "list",
      "provider": "provider.aws",
      "instances": []
    },
    {
      "module": "module.vpc",
      "mode": "managed",
      "type": "aws_route_table_association",
      "name": "elasticache",
      "each": "list",
      "provider": "provider.aws",
      "instances": []
    },
    {
      "module": "module.vpc",
      "mode": "managed",
      "type": "aws_route_table_association",
      "name": "intra",
      "each": "list",
      "provider": "provider.aws",
      "instances": []
    },
    {
      "module": "module.vpc",
      "mode": "managed",
      "type": "aws_route_table_association",
      "name": "private",
      "each": "list",
      "provider": "provider.aws",
      "instances": []
    },
    {
      "module": "module.vpc",
      "mode": "managed",
      "type": "aws_route_table_association",
      "name": "public",
      "each": "list",
      "provider": "provider.aws",
      "instances": [
        {
          "index_key": 0,
          "schema_version": 0,
          "attributes": {
            "id": "rtbassoc-0edacc98e91c00ffc",
            "route_table_id": "rtb-06b41dea85e10b1fd",
            "subnet_id": "subnet-0872726bffc89a5da"
          },
          "depends_on": [
            "aws_route_table.public[0]",
            "aws_subnet.public"
          ]
        },
        {
          "index_key": 1,
          "schema_version": 0,
          "attributes": {
            "id": "rtbassoc-0821dba9e7e232df6",
            "route_table_id": "rtb-06b41dea85e10b1fd",
            "subnet_id": "subnet-052d1c0152b4414c3"
          },
          "depends_on": [
            "aws_route_table.public[0]",
            "aws_subnet.public"
          ]
        }
      ]
    },
    {
      "module": "module.vpc",
      "mode": "managed",
      "type": "aws_route_table_association",
      "name": "redshift",
      "each": "list",
      "provider": "provider.aws",
      "instances": []
    },
    {
      "module": "module.vpc",
      "mode": "managed",
      "type": "aws_route_table_association",
      "name": "redshift_public",
      "each": "list",
      "provider": "provider.aws",
      "instances": []
    },
    {
      "module": "module.cluster",
      "mode": "managed",
      "type": "aws_security_group",
      "name": "cluster",
      "each": "list",
      "provider": "provider.aws",
      "instances": [
        {
          "index_key": 0,
          "schema_version": 1,
          "attributes": {
            "arn": "arn:aws:ec2:us-west-2:925724605444:security-group/sg-041d41cfc1c0e2171",
            "description": "EKS cluster security group.",
            "egress": [],
            "id": "sg-041d41cfc1c0e2171",
            "ingress": [],
            "name": "pega-demo20191120033318983300000004",
            "name_prefix": "pega-demo",
            "owner_id": "925724605444",
            "revoke_rules_on_delete": false,
            "tags": {
              "Environment": "Development",
              "Name": "pega-demo-eks_cluster_sg"
            },
            "timeouts": null,
            "vpc_id": "vpc-08878805f6d8e9b0c"
          }
        }
      ]
    },
    {
      "mode": "managed",
      "type": "aws_security_group",
      "name": "sec_grp_rds",
      "provider": "provider.aws",
      "instances": [
        {
          "schema_version": 1,
          "attributes": {
            "arn": "arn:aws:ec2:us-west-2:925724605444:security-group/sg-0f448586bb6555479",
            "description": "Managed by Terraform",
            "egress": [
              {
                "cidr_blocks": [
                  "0.0.0.0/0"
                ],
                "description": "",
                "from_port": 0,
                "ipv6_cidr_blocks": [],
                "prefix_list_ids": [],
                "protocol": "-1",
                "security_groups": [],
                "self": false,
                "to_port": 0
              }
            ],
            "id": "sg-0f448586bb6555479",
            "ingress": [],
            "name": "pega-demo-20191120034257705300000005",
            "name_prefix": "pega-demo-",
            "owner_id": "925724605444",
            "revoke_rules_on_delete": false,
            "tags": {
              "Environment": "Development"
            },
            "timeouts": null,
            "vpc_id": "vpc-08878805f6d8e9b0c"
          },
          "depends_on": [
            "module.cluster",
            "module.vpc"
          ]
        }
      ]
    },
    {
      "module": "module.cluster",
      "mode": "managed",
      "type": "aws_security_group",
      "name": "workers",
      "each": "list",
      "provider": "provider.aws",
      "instances": [
        {
          "index_key": 0,
          "schema_version": 1,
          "attributes": {
            "arn": "arn:aws:ec2:us-west-2:925724605444:security-group/sg-0e65880a63ee3c3ff",
            "description": "Security group for all nodes in the cluster.",
            "egress": [],
            "id": "sg-0e65880a63ee3c3ff",
            "ingress": [],
            "name": "pega-demo20191120034257711300000008",
            "name_prefix": "pega-demo",
            "owner_id": "925724605444",
            "revoke_rules_on_delete": false,
            "tags": {
              "Environment": "Development",
              "Name": "pega-demo-eks_worker_sg",
              "kubernetes.io/cluster/pega-demo": "owned"
            },
            "timeouts": null,
            "vpc_id": "vpc-08878805f6d8e9b0c"
          },
          "depends_on": [
            "aws_eks_cluster.this"
          ]
        }
      ]
    },
    {
      "mode": "managed",
      "type": "aws_security_group_rule",
      "name": "allow-workers-nodes-communications",
      "provider": "provider.aws",
      "instances": [
        {
          "schema_version": 2,
          "attributes": {
            "cidr_blocks": null,
            "description": "Allow worker nodes to communicate with database",
            "from_port": 5432,
            "id": "sgrule-1791663627",
            "ipv6_cidr_blocks": null,
            "prefix_list_ids": null,
            "protocol": "tcp",
            "security_group_id": "sg-0f448586bb6555479",
            "self": false,
            "source_security_group_id": "sg-0e65880a63ee3c3ff",
            "to_port": 5432,
            "type": "ingress"
          },
          "depends_on": [
            "aws_security_group.sec_grp_rds",
            "module.cluster"
          ]
        }
      ]
    },
    {
      "module": "module.cluster",
      "mode": "managed",
      "type": "aws_security_group_rule",
      "name": "cluster_egress_internet",
      "each": "list",
      "provider": "provider.aws",
      "instances": [
        {
          "index_key": 0,
          "schema_version": 2,
          "attributes": {
            "cidr_blocks": [
              "0.0.0.0/0"
            ],
            "description": "Allow cluster egress access to the Internet.",
            "from_port": 0,
            "id": "sgrule-2653211779",
            "ipv6_cidr_blocks": null,
            "prefix_list_ids": null,
            "protocol": "-1",
            "security_group_id": "sg-041d41cfc1c0e2171",
            "self": false,
            "source_security_group_id": null,
            "to_port": 0,
            "type": "egress"
          },
          "depends_on": [
            "aws_security_group.cluster[0]"
          ]
        }
      ]
    },
    {
      "module": "module.cluster",
      "mode": "managed",
      "type": "aws_security_group_rule",
      "name": "cluster_https_worker_ingress",
      "each": "list",
      "provider": "provider.aws",
      "instances": [
        {
          "index_key": 0,
          "schema_version": 2,
          "attributes": {
            "cidr_blocks": null,
            "description": "Allow pods to communicate with the EKS cluster API.",
            "from_port": 443,
            "id": "sgrule-49276704",
            "ipv6_cidr_blocks": null,
            "prefix_list_ids": null,
            "protocol": "tcp",
            "security_group_id": "sg-041d41cfc1c0e2171",
            "self": false,
            "source_security_group_id": "sg-0e65880a63ee3c3ff",
            "to_port": 443,
            "type": "ingress"
          },
          "depends_on": [
            "aws_security_group.cluster[0]"
          ]
        }
      ]
    },
    {
      "module": "module.cluster",
      "mode": "managed",
      "type": "aws_security_group_rule",
      "name": "workers_egress_internet",
      "each": "list",
      "provider": "provider.aws",
      "instances": [
        {
          "index_key": 0,
          "schema_version": 2,
          "attributes": {
            "cidr_blocks": [
              "0.0.0.0/0"
            ],
            "description": "Allow nodes all egress to the Internet.",
            "from_port": 0,
            "id": "sgrule-1809662950",
            "ipv6_cidr_blocks": null,
            "prefix_list_ids": null,
            "protocol": "-1",
            "security_group_id": "sg-0e65880a63ee3c3ff",
            "self": false,
            "source_security_group_id": null,
            "to_port": 0,
            "type": "egress"
          },
          "depends_on": [
            "aws_security_group.workers[0]"
          ]
        }
      ]
    },
    {
      "module": "module.cluster",
      "mode": "managed",
      "type": "aws_security_group_rule",
      "name": "workers_ingress_cluster",
      "each": "list",
      "provider": "provider.aws",
      "instances": [
        {
          "index_key": 0,
          "schema_version": 2,
          "attributes": {
            "cidr_blocks": null,
            "description": "Allow workers pods to receive communication from the cluster control plane.",
            "from_port": 1025,
            "id": "sgrule-2247387946",
            "ipv6_cidr_blocks": null,
            "prefix_list_ids": null,
            "protocol": "tcp",
            "security_group_id": "sg-0e65880a63ee3c3ff",
            "self": false,
            "source_security_group_id": "sg-041d41cfc1c0e2171",
            "to_port": 65535,
            "type": "ingress"
          },
          "depends_on": [
            "aws_security_group.workers[0]"
          ]
        }
      ]
    },
    {
      "module": "module.cluster",
      "mode": "managed",
      "type": "aws_security_group_rule",
      "name": "workers_ingress_cluster_https",
      "each": "list",
      "provider": "provider.aws",
      "instances": [
        {
          "index_key": 0,
          "schema_version": 2,
          "attributes": {
            "cidr_blocks": null,
            "description": "Allow pods running extension API servers on port 443 to receive communication from cluster control plane.",
            "from_port": 443,
            "id": "sgrule-1744489432",
            "ipv6_cidr_blocks": null,
            "prefix_list_ids": null,
            "protocol": "tcp",
            "security_group_id": "sg-0e65880a63ee3c3ff",
            "self": false,
            "source_security_group_id": "sg-041d41cfc1c0e2171",
            "to_port": 443,
            "type": "ingress"
          },
          "depends_on": [
            "aws_security_group.workers[0]"
          ]
        }
      ]
    },
    {
      "module": "module.cluster",
      "mode": "managed",
      "type": "aws_security_group_rule",
      "name": "workers_ingress_cluster_kubelet",
      "each": "list",
      "provider": "provider.aws",
      "instances": []
    },
    {
      "module": "module.cluster",
      "mode": "managed",
      "type": "aws_security_group_rule",
      "name": "workers_ingress_self",
      "each": "list",
      "provider": "provider.aws",
      "instances": [
        {
          "index_key": 0,
          "schema_version": 2,
          "attributes": {
            "cidr_blocks": null,
            "description": "Allow node to communicate with each other.",
            "from_port": 0,
            "id": "sgrule-2212267323",
            "ipv6_cidr_blocks": null,
            "prefix_list_ids": null,
            "protocol": "-1",
            "security_group_id": "sg-0e65880a63ee3c3ff",
            "self": false,
            "source_security_group_id": "sg-0e65880a63ee3c3ff",
            "to_port": 65535,
            "type": "ingress"
          },
          "depends_on": [
            "aws_security_group.workers[0]"
          ]
        }
      ]
    },
    {
      "module": "module.vpc",
      "mode": "managed",
      "type": "aws_subnet",
      "name": "database",
      "each": "list",
      "provider": "provider.aws",
      "instances": []
    },
    {
      "module": "module.vpc",
      "mode": "managed",
      "type": "aws_subnet",
      "name": "elasticache",
      "each": "list",
      "provider": "provider.aws",
      "instances": []
    },
    {
      "module": "module.vpc",
      "mode": "managed",
      "type": "aws_subnet",
      "name": "intra",
      "each": "list",
      "provider": "provider.aws",
      "instances": []
    },
    {
      "module": "module.vpc",
      "mode": "managed",
      "type": "aws_subnet",
      "name": "private",
      "each": "list",
      "provider": "provider.aws",
      "instances": []
    },
    {
      "module": "module.vpc",
      "mode": "managed",
      "type": "aws_subnet",
      "name": "public",
      "each": "list",
      "provider": "provider.aws",
      "instances": [
        {
          "index_key": 0,
          "schema_version": 1,
          "attributes": {
            "arn": "arn:aws:ec2:us-west-2:925724605444:subnet/subnet-0872726bffc89a5da",
            "assign_ipv6_address_on_creation": false,
            "availability_zone": "us-west-2a",
            "availability_zone_id": "usw2-az1",
            "cidr_block": "172.16.0.0/20",
            "id": "subnet-0872726bffc89a5da",
            "ipv6_cidr_block": "",
            "ipv6_cidr_block_association_id": "",
            "map_public_ip_on_launch": true,
            "owner_id": "925724605444",
            "tags": {
              "Environment": "Development",
              "Name": "pega-demo-public-us-west-2a",
              "kubernetes.io/role/elb": "1"
            },
            "timeouts": null,
            "vpc_id": "vpc-08878805f6d8e9b0c"
          }
        },
        {
          "index_key": 1,
          "schema_version": 1,
          "attributes": {
            "arn": "arn:aws:ec2:us-west-2:925724605444:subnet/subnet-052d1c0152b4414c3",
            "assign_ipv6_address_on_creation": false,
            "availability_zone": "us-west-2b",
            "availability_zone_id": "usw2-az2",
            "cidr_block": "172.16.16.0/20",
            "id": "subnet-052d1c0152b4414c3",
            "ipv6_cidr_block": "",
            "ipv6_cidr_block_association_id": "",
            "map_public_ip_on_launch": true,
            "owner_id": "925724605444",
            "tags": {
              "Environment": "Development",
              "Name": "pega-demo-public-us-west-2b",
              "kubernetes.io/role/elb": "1"
            },
            "timeouts": null,
            "vpc_id": "vpc-08878805f6d8e9b0c"
          }
        }
      ]
    },
    {
      "module": "module.vpc",
      "mode": "managed",
      "type": "aws_subnet",
      "name": "redshift",
      "each": "list",
      "provider": "provider.aws",
      "instances": []
    },
    {
      "module": "module.vpc",
      "mode": "managed",
      "type": "aws_vpc",
      "name": "this",
      "each": "list",
      "provider": "provider.aws",
      "instances": [
        {
          "index_key": 0,
          "schema_version": 1,
          "attributes": {
            "arn": "arn:aws:ec2:us-west-2:925724605444:vpc/vpc-08878805f6d8e9b0c",
            "assign_generated_ipv6_cidr_block": false,
            "cidr_block": "172.16.0.0/16",
            "default_network_acl_id": "acl-09a81061f11bf40a4",
            "default_route_table_id": "rtb-028c628fb0f5f4b7c",
            "default_security_group_id": "sg-0ae47512de46e2537",
            "dhcp_options_id": "dopt-9777a2fc",
            "enable_classiclink": false,
            "enable_classiclink_dns_support": false,
            "enable_dns_hostnames": true,
            "enable_dns_support": true,
            "id": "vpc-08878805f6d8e9b0c",
            "instance_tenancy": "default",
            "ipv6_association_id": "",
            "ipv6_cidr_block": "",
            "main_route_table_id": "rtb-028c628fb0f5f4b7c",
            "owner_id": "925724605444",
            "tags": {
              "Environment": "Development",
              "Name": "pega-demo",
              "kubernetes.io/role/elb": "1"
            }
          }
        }
      ]
    },
    {
      "module": "module.vpc",
      "mode": "managed",
      "type": "aws_vpc_dhcp_options",
      "name": "this",
      "each": "list",
      "provider": "provider.aws",
      "instances": []
    },
    {
      "module": "module.vpc",
      "mode": "managed",
      "type": "aws_vpc_dhcp_options_association",
      "name": "this",
      "each": "list",
      "provider": "provider.aws",
      "instances": []
    },
    {
      "module": "module.vpc",
      "mode": "managed",
      "type": "aws_vpc_endpoint",
      "name": "apigw",
      "each": "list",
      "provider": "provider.aws",
      "instances": []
    },
    {
      "module": "module.vpc",
      "mode": "managed",
      "type": "aws_vpc_endpoint",
      "name": "cloudtrail",
      "each": "list",
      "provider": "provider.aws",
      "instances": []
    },
    {
      "module": "module.vpc",
      "mode": "managed",
      "type": "aws_vpc_endpoint",
      "name": "dynamodb",
      "each": "list",
      "provider": "provider.aws",
      "instances": []
    },
    {
      "module": "module.vpc",
      "mode": "managed",
      "type": "aws_vpc_endpoint",
      "name": "ec2",
      "each": "list",
      "provider": "provider.aws",
      "instances": []
    },
    {
      "module": "module.vpc",
      "mode": "managed",
      "type": "aws_vpc_endpoint",
      "name": "ec2messages",
      "each": "list",
      "provider": "provider.aws",
      "instances": []
    },
    {
      "module": "module.vpc",
      "mode": "managed",
      "type": "aws_vpc_endpoint",
      "name": "ecr_api",
      "each": "list",
      "provider": "provider.aws",
      "instances": []
    },
    {
      "module": "module.vpc",
      "mode": "managed",
      "type": "aws_vpc_endpoint",
      "name": "ecr_dkr",
      "each": "list",
      "provider": "provider.aws",
      "instances": []
    },
    {
      "module": "module.vpc",
      "mode": "managed",
      "type": "aws_vpc_endpoint",
      "name": "ecs",
      "each": "list",
      "provider": "provider.aws",
      "instances": []
    },
    {
      "module": "module.vpc",
      "mode": "managed",
      "type": "aws_vpc_endpoint",
      "name": "ecs_agent",
      "each": "list",
      "provider": "provider.aws",
      "instances": []
    },
    {
      "module": "module.vpc",
      "mode": "managed",
      "type": "aws_vpc_endpoint",
      "name": "ecs_telemetry",
      "each": "list",
      "provider": "provider.aws",
      "instances": []
    },
    {
      "module": "module.vpc",
      "mode": "managed",
      "type": "aws_vpc_endpoint",
      "name": "elasticloadbalancing",
      "each": "list",
      "provider": "provider.aws",
      "instances": []
    },
    {
      "module": "module.vpc",
      "mode": "managed",
      "type": "aws_vpc_endpoint",
      "name": "events",
      "each": "list",
      "provider": "provider.aws",
      "instances": []
    },
    {
      "module": "module.vpc",
      "mode": "managed",
      "type": "aws_vpc_endpoint",
      "name": "kms",
      "each": "list",
      "provider": "provider.aws",
      "instances": []
    },
    {
      "module": "module.vpc",
      "mode": "managed",
      "type": "aws_vpc_endpoint",
      "name": "logs",
      "each": "list",
      "provider": "provider.aws",
      "instances": []
    },
    {
      "module": "module.vpc",
      "mode": "managed",
      "type": "aws_vpc_endpoint",
      "name": "monitoring",
      "each": "list",
      "provider": "provider.aws",
      "instances": []
    },
    {
      "module": "module.vpc",
      "mode": "managed",
      "type": "aws_vpc_endpoint",
      "name": "s3",
      "each": "list",
      "provider": "provider.aws",
      "instances": []
    },
    {
      "module": "module.vpc",
      "mode": "managed",
      "type": "aws_vpc_endpoint",
      "name": "sns",
      "each": "list",
      "provider": "provider.aws",
      "instances": []
    },
    {
      "module": "module.vpc",
      "mode": "managed",
      "type": "aws_vpc_endpoint",
      "name": "sqs",
      "each": "list",
      "provider": "provider.aws",
      "instances": []
    },
    {
      "module": "module.vpc",
      "mode": "managed",
      "type": "aws_vpc_endpoint",
      "name": "ssm",
      "each": "list",
      "provider": "provider.aws",
      "instances": []
    },
    {
      "module": "module.vpc",
      "mode": "managed",
      "type": "aws_vpc_endpoint",
      "name": "ssmmessages",
      "each": "list",
      "provider": "provider.aws",
      "instances": []
    },
    {
      "module": "module.vpc",
      "mode": "managed",
      "type": "aws_vpc_endpoint_route_table_association",
      "name": "intra_dynamodb",
      "each": "list",
      "provider": "provider.aws",
      "instances": []
    },
    {
      "module": "module.vpc",
      "mode": "managed",
      "type": "aws_vpc_endpoint_route_table_association",
      "name": "intra_s3",
      "each": "list",
      "provider": "provider.aws",
      "instances": []
    },
    {
      "module": "module.vpc",
      "mode": "managed",
      "type": "aws_vpc_endpoint_route_table_association",
      "name": "private_dynamodb",
      "each": "list",
      "provider": "provider.aws",
      "instances": []
    },
    {
      "module": "module.vpc",
      "mode": "managed",
      "type": "aws_vpc_endpoint_route_table_association",
      "name": "private_s3",
      "each": "list",
      "provider": "provider.aws",
      "instances": []
    },
    {
      "module": "module.vpc",
      "mode": "managed",
      "type": "aws_vpc_endpoint_route_table_association",
      "name": "public_dynamodb",
      "each": "list",
      "provider": "provider.aws",
      "instances": []
    },
    {
      "module": "module.vpc",
      "mode": "managed",
      "type": "aws_vpc_endpoint_route_table_association",
      "name": "public_s3",
      "each": "list",
      "provider": "provider.aws",
      "instances": []
    },
    {
      "module": "module.vpc",
      "mode": "managed",
      "type": "aws_vpc_ipv4_cidr_block_association",
      "name": "this",
      "each": "list",
      "provider": "provider.aws",
      "instances": []
    },
    {
      "module": "module.vpc",
      "mode": "managed",
      "type": "aws_vpn_gateway",
      "name": "this",
      "each": "list",
      "provider": "provider.aws",
      "instances": []
    },
    {
      "module": "module.vpc",
      "mode": "managed",
      "type": "aws_vpn_gateway_attachment",
      "name": "this",
      "each": "list",
      "provider": "provider.aws",
      "instances": []
    },
    {
      "module": "module.vpc",
      "mode": "managed",
      "type": "aws_vpn_gateway_route_propagation",
      "name": "private",
      "each": "list",
      "provider": "provider.aws",
      "instances": []
    },
    {
      "module": "module.vpc",
      "mode": "managed",
      "type": "aws_vpn_gateway_route_propagation",
      "name": "public",
      "each": "list",
      "provider": "provider.aws",
      "instances": []
    },
    {
      "mode": "managed",
      "type": "kubernetes_cluster_role_binding",
      "name": "super-user",
      "provider": "provider.kubernetes",
      "instances": []
    },
    {
      "module": "module.cluster",
      "mode": "managed",
      "type": "local_file",
      "name": "config_map_aws_auth",
      "each": "list",
      "provider": "provider.local",
      "instances": [
        {
          "index_key": 0,
          "schema_version": 0,
          "attributes": {
            "content": "apiVersion: v1\nkind: ConfigMap\nmetadata:\n  name: aws-auth\n  namespace: kube-system\ndata:\n  mapRoles: |\n    - rolearn: arn:aws:iam::925724605444:role/pega-demo20191120034257712600000009\n      username: system:node:{{EC2PrivateDNSName}}\n      groups:\n        - system:bootstrappers\n        - system:nodes\n\n\n  mapUsers: |\n\n  mapAccounts: |\n\n",
            "content_base64": null,
            "directory_permission": "0777",
            "file_permission": "0777",
            "filename": "./config-map-aws-auth_pega-demo.yaml",
            "id": "260bcbf14fafc2ec442d5da17263cc33d4cdb4da",
            "sensitive_content": null
          },
          "depends_on": [
            "data.template_file.config_map_aws_auth"
          ]
        }
      ]
    },
    {
      "module": "module.cluster",
      "mode": "managed",
      "type": "local_file",
      "name": "kubeconfig",
      "each": "list",
      "provider": "provider.local",
      "instances": [
        {
          "index_key": 0,
          "schema_version": 0,
          "attributes": {
            "content": "apiVersion: v1\npreferences: {}\nkind: Config\n\nclusters:\n- cluster:\n    server: https://A9CE5AD1EA7E63B3A8B666022A7E61A1.sk1.us-west-2.eks.amazonaws.com\n    certificate-authority-data: LS0tLS1CRUdJTiBDRVJUSUZJQ0FURS0tLS0tCk1JSUN5RENDQWJDZ0F3SUJBZ0lCQURBTkJna3Foa2lHOXcwQkFRc0ZBREFWTVJNd0VRWURWUVFERXdwcmRXSmwKY201bGRHVnpNQjRYRFRFNU1URXlNREF6TXprMU9Wb1hEVEk1TVRFeE56QXpNemsxT1Zvd0ZURVRNQkVHQTFVRQpBeE1LYTNWaVpYSnVaWFJsY3pDQ0FTSXdEUVlKS29aSWh2Y05BUUVCQlFBRGdnRVBBRENDQVFvQ2dnRUJBTHMrClAwTTBKQW1BN3RtaHdVTnBoRkxPU3BNVnU2Nk9GMy9obElYM09QN09lTUpuNHZyclJENHpPd2V6Uk8wM0hIRkUKZmZ5anJIci9IODh0WHdESEh2aGhwSFVqRjhBRCtiaUI4VDYvZXJ5OGFZVzBNU3V5VHFzVkhzbmZ0dVVUOE5iegpKY3p5aTNjUzYzNnZlZWVzREV0YS81MktudDhSODhmVnZUR1RSMnRSU2gvU1J1b1pzOWU2cXh1NDVEZFBjbWh5CnVpUU1LSFN0cFNmYkdUWGtXVEZibGsySmg4T0JlbDJhZnpCTVZqNTg5UTdQby9YN0pIYldYbnhkVEJQNTNPN0gKN21IOEdPMWpEakNQV0Z1R2lISDRqTEx0TUsrcjVRaXZBVjFySzhSTXJEYTd1ZnBYUTNzcmFrdnhNTUZ2SUxUYgpDMEFWa2xCK0JJZDIrV1E2NUZNQ0F3RUFBYU1qTUNFd0RnWURWUjBQQVFIL0JBUURBZ0trTUE4R0ExVWRFd0VCCi93UUZNQU1CQWY4d0RRWUpLb1pJaHZjTkFRRUxCUUFEZ2dFQkFFTU9lVWF1UWZoTDBVQTVoSmRmeUNDS0FxVkwKeVFyUzIrNzE4V2E0UFhPNU1mT0k5RisrTUZtSWdvbnM4M2dGYnAvbU5nMjhQOWpOblF0T0xkd2dzdE5KQWNxcwpadSs2eXowMGhsdlEvczlzcGVFT051dXp1d09YS1lZWjl6UUZPYU81azNSYjhwejJOQkh6RUNDOEVOVUFuUCsrCi9mWTBuY0Z3RlN4Q2gyN2JkcFFUWkhlV0VVbVBkTzZhRnYrY3lSZEt4Sk5ST3JDdVlHSTZ6QmFqYlVzVnV3R0IKajlpY2lwYWdCQnptaFg2R1Z2ODFXY1gwV0RydzNPMlF0MC9YY0ZJVlQ0TE91U3c4eVI0anpHSkFkSnFaZVZOYQpNc2N1VGd1KzVJcU5IS0NzQmtGZVJIV1FneHZzQWtZTDVoNHZnZm40TGs4WisvWUw3RnNxWUNkNmVsMD0KLS0tLS1FTkQgQ0VSVElGSUNBVEUtLS0tLQo=\n  name: eks_pega-demo\n\ncontexts:\n- context:\n    cluster: eks_pega-demo\n    user: eks_pega-demo\n  name: eks_pega-demo\n\ncurrent-context: eks_pega-demo\n\nusers:\n- name: eks_pega-demo\n  user:\n    exec:\n      apiVersion: client.authentication.k8s.io/v1alpha1\n      command: aws-iam-authenticator\n      args:\n        - \"token\"\n        - \"-i\"\n        - \"pega-demo\"\n\n\n",
            "content_base64": null,
            "directory_permission": "0777",
            "file_permission": "0777",
            "filename": "./kubeconfig_pega-demo",
            "id": "1448087e6c98ae4cb105a08a67970951b4b7bd25",
            "sensitive_content": null
          },
          "depends_on": [
            "data.template_file.kubeconfig"
          ]
        }
      ]
    },
    {
      "module": "module.cluster",
      "mode": "managed",
      "type": "null_resource",
      "name": "tags_as_list_of_maps",
      "each": "list",
      "provider": "provider.null",
      "instances": [
        {
          "index_key": 0,
          "schema_version": 0,
          "attributes": {
            "id": "7967741217049454847",
            "triggers": {
              "key": "Environment",
              "propagate_at_launch": "true",
              "value": "Development"
            }
          }
        }
      ]
    },
    {
      "module": "module.cluster",
      "mode": "managed",
      "type": "null_resource",
      "name": "update_config_map_aws_auth",
      "each": "list",
      "provider": "provider.null",
      "instances": [
        {
          "index_key": 0,
          "schema_version": 0,
          "attributes": {
            "id": "6657021880090522379",
            "triggers": {
              "config_map_rendered": "apiVersion: v1\nkind: ConfigMap\nmetadata:\n  name: aws-auth\n  namespace: kube-system\ndata:\n  mapRoles: |\n    - rolearn: arn:aws:iam::925724605444:role/pega-demo20191120034257712600000009\n      username: system:node:{{EC2PrivateDNSName}}\n      groups:\n        - system:bootstrappers\n        - system:nodes\n\n\n  mapUsers: |\n\n  mapAccounts: |\n\n",
              "endpoint": "https://A9CE5AD1EA7E63B3A8B666022A7E61A1.sk1.us-west-2.eks.amazonaws.com",
              "kube_config_map_rendered": "apiVersion: v1\npreferences: {}\nkind: Config\n\nclusters:\n- cluster:\n    server: https://A9CE5AD1EA7E63B3A8B666022A7E61A1.sk1.us-west-2.eks.amazonaws.com\n    certificate-authority-data: LS0tLS1CRUdJTiBDRVJUSUZJQ0FURS0tLS0tCk1JSUN5RENDQWJDZ0F3SUJBZ0lCQURBTkJna3Foa2lHOXcwQkFRc0ZBREFWTVJNd0VRWURWUVFERXdwcmRXSmwKY201bGRHVnpNQjRYRFRFNU1URXlNREF6TXprMU9Wb1hEVEk1TVRFeE56QXpNemsxT1Zvd0ZURVRNQkVHQTFVRQpBeE1LYTNWaVpYSnVaWFJsY3pDQ0FTSXdEUVlKS29aSWh2Y05BUUVCQlFBRGdnRVBBRENDQVFvQ2dnRUJBTHMrClAwTTBKQW1BN3RtaHdVTnBoRkxPU3BNVnU2Nk9GMy9obElYM09QN09lTUpuNHZyclJENHpPd2V6Uk8wM0hIRkUKZmZ5anJIci9IODh0WHdESEh2aGhwSFVqRjhBRCtiaUI4VDYvZXJ5OGFZVzBNU3V5VHFzVkhzbmZ0dVVUOE5iegpKY3p5aTNjUzYzNnZlZWVzREV0YS81MktudDhSODhmVnZUR1RSMnRSU2gvU1J1b1pzOWU2cXh1NDVEZFBjbWh5CnVpUU1LSFN0cFNmYkdUWGtXVEZibGsySmg4T0JlbDJhZnpCTVZqNTg5UTdQby9YN0pIYldYbnhkVEJQNTNPN0gKN21IOEdPMWpEakNQV0Z1R2lISDRqTEx0TUsrcjVRaXZBVjFySzhSTXJEYTd1ZnBYUTNzcmFrdnhNTUZ2SUxUYgpDMEFWa2xCK0JJZDIrV1E2NUZNQ0F3RUFBYU1qTUNFd0RnWURWUjBQQVFIL0JBUURBZ0trTUE4R0ExVWRFd0VCCi93UUZNQU1CQWY4d0RRWUpLb1pJaHZjTkFRRUxCUUFEZ2dFQkFFTU9lVWF1UWZoTDBVQTVoSmRmeUNDS0FxVkwKeVFyUzIrNzE4V2E0UFhPNU1mT0k5RisrTUZtSWdvbnM4M2dGYnAvbU5nMjhQOWpOblF0T0xkd2dzdE5KQWNxcwpadSs2eXowMGhsdlEvczlzcGVFT051dXp1d09YS1lZWjl6UUZPYU81azNSYjhwejJOQkh6RUNDOEVOVUFuUCsrCi9mWTBuY0Z3RlN4Q2gyN2JkcFFUWkhlV0VVbVBkTzZhRnYrY3lSZEt4Sk5ST3JDdVlHSTZ6QmFqYlVzVnV3R0IKajlpY2lwYWdCQnptaFg2R1Z2ODFXY1gwV0RydzNPMlF0MC9YY0ZJVlQ0TE91U3c4eVI0anpHSkFkSnFaZVZOYQpNc2N1VGd1KzVJcU5IS0NzQmtGZVJIV1FneHZzQWtZTDVoNHZnZm40TGs4WisvWUw3RnNxWUNkNmVsMD0KLS0tLS1FTkQgQ0VSVElGSUNBVEUtLS0tLQo=\n  name: eks_pega-demo\n\ncontexts:\n- context:\n    cluster: eks_pega-demo\n    user: eks_pega-demo\n  name: eks_pega-demo\n\ncurrent-context: eks_pega-demo\n\nusers:\n- name: eks_pega-demo\n  user:\n    exec:\n      apiVersion: client.authentication.k8s.io/v1alpha1\n      command: aws-iam-authenticator\n      args:\n        - \"token\"\n        - \"-i\"\n        - \"pega-demo\"\n\n\n"
            }
          },
          "depends_on": [
            "aws_eks_cluster.this",
            "data.template_file.config_map_aws_auth",
            "data.template_file.kubeconfig"
          ]
        }
      ]
    }
  ]
}
